<?xml version="1.0" encoding="utf-8"?>
<Project ToolsVersion="4.0" xmlns="http://schemas.microsoft.com/developer/msbuild/2003">
  <ItemGroup>
    <Filter Include="core">
      <UniqueIdentifier>{f1462b10-d08e-4c92-9976-519fa028fd06}</UniqueIdentifier>
    </Filter>
    <Filter Include="core\Audio">
      <UniqueIdentifier>{f8851927-fe11-4c49-bd72-5a93f7d344d7}</UniqueIdentifier>
    </Filter>
    <Filter Include="core\Midi">
      <UniqueIdentifier>{804312d2-c65a-4107-aa40-2d70280f674c}</UniqueIdentifier>
    </Filter>
    <Filter Include="core\SoundFontFormat">
      <UniqueIdentifier>{28dd9b5a-8292-428e-bbe1-5576b964872a}</UniqueIdentifier>
    </Filter>
    <Filter Include="core\SoundFormat">
      <UniqueIdentifier>{49fb9ebe-1111-480c-ab0a-9933f9bce083}</UniqueIdentifier>
    </Filter>
    <Filter Include="core\Synth">
      <UniqueIdentifier>{9fafc8fc-15c1-4349-af54-a4454a54e75d}</UniqueIdentifier>
    </Filter>
    <Filter Include="core\SoundFormat\Wav">
      <UniqueIdentifier>{84eef630-f288-49fa-8ac5-af8fb531d9ec}</UniqueIdentifier>
    </Filter>
    <Filter Include="core\SoundFontFormat\SF2">
      <UniqueIdentifier>{fe66b5f3-4d57-46d8-b42b-61d3d9c0d9b8}</UniqueIdentifier>
    </Filter>
    <Filter Include="thrids">
      <UniqueIdentifier>{c0764f9b-fb88-4559-8c17-e073635a9f2b}</UniqueIdentifier>
    </Filter>
    <Filter Include="thrids\scutils">
      <UniqueIdentifier>{f8862251-952d-490a-b7b8-e51ff288fb09}</UniqueIdentifier>
    </Filter>
    <Filter Include="thrids\stk">
      <UniqueIdentifier>{395a2ccc-d64b-4922-b25e-a3f14a552144}</UniqueIdentifier>
    </Filter>
    <Filter Include="thrids\tinyxml2">
      <UniqueIdentifier>{0a1e17c8-ebd2-4b1e-b248-29d1bcf44ff4}</UniqueIdentifier>
    </Filter>
    <Filter Include="core\SoundFontFormat\VentrueFont">
      <UniqueIdentifier>{565dcbb2-4b20-472d-981a-6864143aaa81}</UniqueIdentifier>
    </Filter>
    <Filter Include="core\Effect">
      <UniqueIdentifier>{20a835f7-9128-4821-9113-20c9806183ac}</UniqueIdentifier>
    </Filter>
    <Filter Include="thrids\task">
      <UniqueIdentifier>{e82904aa-cfc9-4ff5-a517-6f9c68946a48}</UniqueIdentifier>
    </Filter>
    <Filter Include="core\Audio\AudioSDL">
      <UniqueIdentifier>{d0671077-5a0b-4bec-854e-801a428d5881}</UniqueIdentifier>
    </Filter>
    <Filter Include="core\Audio\AudioOboe">
      <UniqueIdentifier>{535cde91-d3b4-4d88-a88e-b2df09e7b005}</UniqueIdentifier>
    </Filter>
    <Filter Include="core\Effect\EffectCmd">
      <UniqueIdentifier>{0bf6792a-cba1-4474-9bd4-edbd92d0e0a1}</UniqueIdentifier>
    </Filter>
    <Filter Include="thrids\dsignal">
      <UniqueIdentifier>{8cd7d44a-8c46-4697-a82b-dff6e23ae284}</UniqueIdentifier>
    </Filter>
    <Filter Include="thrids\iir1">
      <UniqueIdentifier>{e78a902b-e548-4770-b4c3-dcc401bcbd02}</UniqueIdentifier>
    </Filter>
    <Filter Include="thrids\iir1\iir">
      <UniqueIdentifier>{39db0ee9-6f2b-49c1-b0cd-51abe917aaef}</UniqueIdentifier>
    </Filter>
  </ItemGroup>
  <ItemGroup>
    <ClCompile Include="..\..\src\core\Synth\Channel.cpp">
      <Filter>core\Synth</Filter>
    </ClCompile>
    <ClCompile Include="..\..\src\core\Synth\Envelope.cpp">
      <Filter>core\Synth</Filter>
    </ClCompile>
    <ClCompile Include="..\..\src\core\Synth\Generator.cpp">
      <Filter>core\Synth</Filter>
    </ClCompile>
    <ClCompile Include="..\..\src\core\Synth\Instrument.cpp">
      <Filter>core\Synth</Filter>
    </ClCompile>
    <ClCompile Include="..\..\src\core\Synth\KeySounder.cpp">
      <Filter>core\Synth</Filter>
    </ClCompile>
    <ClCompile Include="..\..\src\core\Synth\Lfo.cpp">
      <Filter>core\Synth</Filter>
    </ClCompile>
    <ClCompile Include="..\..\src\core\Synth\MidiPlay.cpp">
      <Filter>core\Synth</Filter>
    </ClCompile>
    <ClCompile Include="..\..\src\core\Synth\Modulator.cpp">
      <Filter>core\Synth</Filter>
    </ClCompile>
    <ClCompile Include="..\..\src\core\Synth\Preset.cpp">
      <Filter>core\Synth</Filter>
    </ClCompile>
    <ClCompile Include="..\..\src\core\Synth\Region.cpp">
      <Filter>core\Synth</Filter>
    </ClCompile>
    <ClCompile Include="..\..\src\core\Synth\RegionSounder.cpp">
      <Filter>core\Synth</Filter>
    </ClCompile>
    <ClCompile Include="..\..\src\core\Synth\Sample.cpp">
      <Filter>core\Synth</Filter>
    </ClCompile>
    <ClCompile Include="..\..\src\core\Synth\Track.cpp">
      <Filter>core\Synth</Filter>
    </ClCompile>
    <ClCompile Include="..\..\src\core\Synth\UnitTransform.cpp">
      <Filter>core\Synth</Filter>
    </ClCompile>
    <ClCompile Include="..\..\src\core\Synth\VirInstrument.cpp">
      <Filter>core\Synth</Filter>
    </ClCompile>
    <ClCompile Include="..\..\src\core\SoundFormat\Wav\WavReader.cpp">
      <Filter>core\SoundFormat\Wav</Filter>
    </ClCompile>
    <ClCompile Include="..\..\src\core\Midi\MidiEvent.cpp">
      <Filter>core\Midi</Filter>
    </ClCompile>
    <ClCompile Include="..\..\src\core\Midi\MidiFile.cpp">
      <Filter>core\Midi</Filter>
    </ClCompile>
    <ClCompile Include="..\..\src\core\Midi\MidiTrack.cpp">
      <Filter>core\Midi</Filter>
    </ClCompile>
    <ClCompile Include="..\..\src\thrids\scutils\ByteStream.cpp">
      <Filter>thrids\scutils</Filter>
    </ClCompile>
    <ClCompile Include="..\..\src\thrids\scutils\MathUtils.cpp">
      <Filter>thrids\scutils</Filter>
    </ClCompile>
    <ClCompile Include="..\..\src\thrids\scutils\UniqueID.cpp">
      <Filter>thrids\scutils</Filter>
    </ClCompile>
    <ClCompile Include="..\..\src\thrids\scutils\Utils.cpp">
      <Filter>thrids\scutils</Filter>
    </ClCompile>
    <ClCompile Include="..\..\src\thrids\stk\Chorus.cpp">
      <Filter>thrids\stk</Filter>
    </ClCompile>
    <ClCompile Include="..\..\src\thrids\stk\Delay.cpp">
      <Filter>thrids\stk</Filter>
    </ClCompile>
    <ClCompile Include="..\..\src\thrids\stk\DelayL.cpp">
      <Filter>thrids\stk</Filter>
    </ClCompile>
    <ClCompile Include="..\..\src\thrids\stk\FreeVerb.cpp">
      <Filter>thrids\stk</Filter>
    </ClCompile>
    <ClCompile Include="..\..\src\thrids\stk\Iir.cpp">
      <Filter>thrids\stk</Filter>
    </ClCompile>
    <ClCompile Include="..\..\src\thrids\stk\OnePole.cpp">
      <Filter>thrids\stk</Filter>
    </ClCompile>
    <ClCompile Include="..\..\src\thrids\stk\SineWave.cpp">
      <Filter>thrids\stk</Filter>
    </ClCompile>
    <ClCompile Include="..\..\src\thrids\stk\Stk.cpp">
      <Filter>thrids\stk</Filter>
    </ClCompile>
    <ClCompile Include="..\..\src\thrids\tinyxml2\tinyxml2.cpp">
      <Filter>thrids\tinyxml2</Filter>
    </ClCompile>
    <ClCompile Include="..\..\src\core\Synth\ModulatorList.cpp">
      <Filter>core\Synth</Filter>
    </ClCompile>
    <ClCompile Include="..\..\src\core\Synth\Ventrue.cpp">
      <Filter>core\Synth</Filter>
    </ClCompile>
    <ClCompile Include="..\..\src\core\SoundFontFormat\SF2\SF2.cpp">
      <Filter>core\SoundFontFormat\SF2</Filter>
    </ClCompile>
    <ClCompile Include="..\..\src\core\SoundFontFormat\SF2\SF2Chunks.cpp">
      <Filter>core\SoundFontFormat\SF2</Filter>
    </ClCompile>
    <ClCompile Include="..\..\src\core\SoundFontFormat\SF2\SF2Parser.cpp">
      <Filter>core\SoundFontFormat\SF2</Filter>
    </ClCompile>
    <ClCompile Include="..\..\src\core\SoundFontFormat\SF2\SF2Structs.cpp">
      <Filter>core\SoundFontFormat\SF2</Filter>
    </ClCompile>
    <ClCompile Include="..\..\src\core\SoundFontFormat\VentrueFont\VentrueFont.cpp">
      <Filter>core\SoundFontFormat\VentrueFont</Filter>
    </ClCompile>
    <ClCompile Include="..\..\src\core\Synth\RegionModulation.cpp">
      <Filter>core\Synth</Filter>
    </ClCompile>
    <ClCompile Include="..\..\src\core\Synth\RegionSounderThread.cpp">
      <Filter>core\Synth</Filter>
    </ClCompile>
    <ClCompile Include="..\..\src\core\Synth\VentrueCmd.cpp">
      <Filter>core\Synth</Filter>
    </ClCompile>
    <ClCompile Include="..\..\src\thrids\task\TaskProcesser.cpp">
      <Filter>thrids\task</Filter>
    </ClCompile>
    <ClCompile Include="..\..\src\thrids\task\Task.cpp">
      <Filter>thrids\task</Filter>
    </ClCompile>
    <ClCompile Include="..\..\src\thrids\task\TaskQueue.cpp">
      <Filter>thrids\task</Filter>
    </ClCompile>
    <ClCompile Include="..\..\src\thrids\task\TaskTimer.cpp">
      <Filter>thrids\task</Filter>
    </ClCompile>
    <ClCompile Include="..\..\src\core\Synth\MidiTrackRecord.cpp">
      <Filter>core\Synth</Filter>
    </ClCompile>
    <ClCompile Include="..\..\src\thrids\scutils\Semaplore.cpp">
      <Filter>thrids\scutils</Filter>
    </ClCompile>
    <ClCompile Include="..\..\src\core\Audio\AudioSDL\Audio_SDL.cpp">
      <Filter>core\Audio\AudioSDL</Filter>
    </ClCompile>
    <ClCompile Include="..\..\src\thrids\scutils\RingBuffer.cpp">
      <Filter>thrids\scutils</Filter>
    </ClCompile>
    <ClCompile Include="..\..\src\core\Audio\AudioOboe\Audio_oboe.cpp">
      <Filter>core\Audio\AudioOboe</Filter>
    </ClCompile>
    <ClCompile Include="..\..\src\core\Effect\EffectList.cpp">
      <Filter>core\Effect</Filter>
    </ClCompile>
    <ClCompile Include="..\..\src\core\Effect\EffectChorus.cpp">
      <Filter>core\Effect</Filter>
    </ClCompile>
    <ClCompile Include="..\..\src\core\Effect\EffectReverb.cpp">
      <Filter>core\Effect</Filter>
    </ClCompile>
    <ClCompile Include="..\..\src\core\Effect\EffectDelay.cpp">
      <Filter>core\Effect</Filter>
    </ClCompile>
    <ClCompile Include="..\..\src\core\Effect\EffectCmd\EffectReverbCmd.cpp">
      <Filter>core\Effect\EffectCmd</Filter>
    </ClCompile>
    <ClCompile Include="..\..\src\core\Effect\EffectCmd\EffectEqualizerCmd.cpp">
      <Filter>core\Effect\EffectCmd</Filter>
    </ClCompile>
    <ClCompile Include="..\..\src\core\Effect\EffectCmd\EffectCmd.cpp">
      <Filter>core\Effect\EffectCmd</Filter>
    </ClCompile>
    <ClCompile Include="..\..\src\core\Effect\EffectCmd\EffectChorusCmd.cpp">
      <Filter>core\Effect\EffectCmd</Filter>
    </ClCompile>
    <ClCompile Include="..\..\src\core\Effect\EffectCmd\EffectDelayCmd.cpp">
      <Filter>core\Effect\EffectCmd</Filter>
    </ClCompile>
    <ClCompile Include="..\..\src\thrids\dsignal\Dsignal.cpp">
      <Filter>thrids\dsignal</Filter>
    </ClCompile>
    <ClCompile Include="..\..\src\thrids\dsignal\Filter.cpp">
      <Filter>thrids\dsignal</Filter>
    </ClCompile>
    <ClCompile Include="..\..\src\thrids\dsignal\Bode.cpp">
      <Filter>thrids\dsignal</Filter>
    </ClCompile>
    <ClCompile Include="..\..\src\thrids\dsignal\ParameterEqualizer.cpp">
      <Filter>thrids\dsignal</Filter>
    </ClCompile>
    <ClCompile Include="..\..\src\thrids\dsignal\GraphEqualizer.cpp">
      <Filter>thrids\dsignal</Filter>
    </ClCompile>
    <ClCompile Include="..\..\src\thrids\dsignal\CascadeBiquad.cpp">
      <Filter>thrids\dsignal</Filter>
    </ClCompile>
    <ClCompile Include="..\..\src\thrids\dsignal\Compressor.cpp">
      <Filter>thrids\dsignal</Filter>
    </ClCompile>
    <ClCompile Include="..\..\src\core\Effect\EffectCompressor.cpp">
      <Filter>core\Effect</Filter>
    </ClCompile>
    <ClCompile Include="..\..\src\core\Effect\EffectCmd\EffectCompressorCmd.cpp">
      <Filter>core\Effect\EffectCmd</Filter>
    </ClCompile>
    <ClCompile Include="..\..\src\thrids\iir1\iir\Biquad.cpp">
      <Filter>thrids\iir1\iir</Filter>
    </ClCompile>
    <ClCompile Include="..\..\src\thrids\iir1\iir\Butterworth.cpp">
      <Filter>thrids\iir1\iir</Filter>
    </ClCompile>
    <ClCompile Include="..\..\src\thrids\iir1\iir\Cascade.cpp">
      <Filter>thrids\iir1\iir</Filter>
    </ClCompile>
    <ClCompile Include="..\..\src\thrids\iir1\iir\ChebyshevI.cpp">
      <Filter>thrids\iir1\iir</Filter>
    </ClCompile>
    <ClCompile Include="..\..\src\thrids\iir1\iir\ChebyshevII.cpp">
      <Filter>thrids\iir1\iir</Filter>
    </ClCompile>
    <ClCompile Include="..\..\src\thrids\iir1\iir\Custom.cpp">
      <Filter>thrids\iir1\iir</Filter>
    </ClCompile>
    <ClCompile Include="..\..\src\thrids\iir1\iir\PoleFilter.cpp">
      <Filter>thrids\iir1\iir</Filter>
    </ClCompile>
    <ClCompile Include="..\..\src\thrids\iir1\iir\RBJ.cpp">
      <Filter>thrids\iir1\iir</Filter>
    </ClCompile>
    <ClCompile Include="..\..\src\thrids\dsignal\RBJBiquad.cpp">
      <Filter>thrids\dsignal</Filter>
    </ClCompile>
    <ClCompile Include="..\..\src\core\Effect\EffectEqualizer.cpp">
      <Filter>core\Effect</Filter>
    </ClCompile>
    <ClCompile Include="..\..\src\core\Synth\VentruePool.cpp">
      <Filter>core\Synth</Filter>
    </ClCompile>
    <ClCompile Include="..\..\src\core\Synth\VentrueEvent.cpp">
      <Filter>core\Synth</Filter>
    </ClCompile>
  </ItemGroup>
  <ItemGroup>
    <ClInclude Include="..\..\src\core\Synth\Channel.h">
      <Filter>core\Synth</Filter>
    </ClInclude>
    <ClInclude Include="..\..\src\core\Synth\Envelope.h">
      <Filter>core\Synth</Filter>
    </ClInclude>
    <ClInclude Include="..\..\src\core\Synth\Generator.h">
      <Filter>core\Synth</Filter>
    </ClInclude>
    <ClInclude Include="..\..\src\core\Synth\Instrument.h">
      <Filter>core\Synth</Filter>
    </ClInclude>
    <ClInclude Include="..\..\src\core\Synth\KeySounder.h">
      <Filter>core\Synth</Filter>
    </ClInclude>
    <ClInclude Include="..\..\src\core\Synth\Lfo.h">
      <Filter>core\Synth</Filter>
    </ClInclude>
    <ClInclude Include="..\..\src\core\Synth\MidiPlay.h">
      <Filter>core\Synth</Filter>
    </ClInclude>
    <ClInclude Include="..\..\src\core\Synth\Modulator.h">
      <Filter>core\Synth</Filter>
    </ClInclude>
    <ClInclude Include="..\..\src\core\Synth\Preset.h">
      <Filter>core\Synth</Filter>
    </ClInclude>
    <ClInclude Include="..\..\src\core\Synth\Region.h">
      <Filter>core\Synth</Filter>
    </ClInclude>
    <ClInclude Include="..\..\src\core\Synth\RegionSounder.h">
      <Filter>core\Synth</Filter>
    </ClInclude>
    <ClInclude Include="..\..\src\core\Synth\Sample.h">
      <Filter>core\Synth</Filter>
    </ClInclude>
    <ClInclude Include="..\..\src\core\Synth\SoundFontParser.h">
      <Filter>core\Synth</Filter>
    </ClInclude>
    <ClInclude Include="..\..\src\core\Synth\Track.h">
      <Filter>core\Synth</Filter>
    </ClInclude>
    <ClInclude Include="..\..\src\core\Synth\UnitTransform.h">
      <Filter>core\Synth</Filter>
    </ClInclude>
    <ClInclude Include="..\..\src\core\Synth\VirInstrument.h">
      <Filter>core\Synth</Filter>
    </ClInclude>
    <ClInclude Include="..\..\src\core\SoundFormat\Wav\WavReader.h">
      <Filter>core\SoundFormat\Wav</Filter>
    </ClInclude>
    <ClInclude Include="..\..\src\core\Midi\MidiEvent.h">
      <Filter>core\Midi</Filter>
    </ClInclude>
    <ClInclude Include="..\..\src\core\Midi\MidiFile.h">
      <Filter>core\Midi</Filter>
    </ClInclude>
    <ClInclude Include="..\..\src\core\Midi\MidiTrack.h">
      <Filter>core\Midi</Filter>
    </ClInclude>
    <ClInclude Include="..\..\src\core\Midi\MidiTypes.h">
      <Filter>core\Midi</Filter>
    </ClInclude>
    <ClInclude Include="..\..\src\thrids\scutils\ByteStream.h">
      <Filter>thrids\scutils</Filter>
    </ClInclude>
    <ClInclude Include="..\..\src\thrids\scutils\MathUtils.h">
      <Filter>thrids\scutils</Filter>
    </ClInclude>
    <ClInclude Include="..\..\src\thrids\scutils\ObjectPool.h">
      <Filter>thrids\scutils</Filter>
    </ClInclude>
    <ClInclude Include="..\..\src\thrids\scutils\Semaphore.h">
      <Filter>thrids\scutils</Filter>
    </ClInclude>
    <ClInclude Include="..\..\src\thrids\scutils\UniqueID.h">
      <Filter>thrids\scutils</Filter>
    </ClInclude>
    <ClInclude Include="..\..\src\thrids\scutils\Utils.h">
      <Filter>thrids\scutils</Filter>
    </ClInclude>
    <ClInclude Include="..\..\src\thrids\scutils\Vec2.h">
      <Filter>thrids\scutils</Filter>
    </ClInclude>
    <ClInclude Include="..\..\src\thrids\stk\Chorus.h">
      <Filter>thrids\stk</Filter>
    </ClInclude>
    <ClInclude Include="..\..\src\thrids\stk\Delay.h">
      <Filter>thrids\stk</Filter>
    </ClInclude>
    <ClInclude Include="..\..\src\thrids\stk\DelayL.h">
      <Filter>thrids\stk</Filter>
    </ClInclude>
    <ClInclude Include="..\..\src\thrids\stk\Effect.h">
      <Filter>thrids\stk</Filter>
    </ClInclude>
    <ClInclude Include="..\..\src\thrids\stk\Filter.h">
      <Filter>thrids\stk</Filter>
    </ClInclude>
    <ClInclude Include="..\..\src\thrids\stk\FreeVerb.h">
      <Filter>thrids\stk</Filter>
    </ClInclude>
    <ClInclude Include="..\..\src\thrids\stk\Generator.h">
      <Filter>thrids\stk</Filter>
    </ClInclude>
    <ClInclude Include="..\..\src\thrids\stk\Iir.h">
      <Filter>thrids\stk</Filter>
    </ClInclude>
    <ClInclude Include="..\..\src\thrids\stk\OnePole.h">
      <Filter>thrids\stk</Filter>
    </ClInclude>
    <ClInclude Include="..\..\src\thrids\stk\SineWave.h">
      <Filter>thrids\stk</Filter>
    </ClInclude>
    <ClInclude Include="..\..\src\thrids\stk\Stk.h">
      <Filter>thrids\stk</Filter>
    </ClInclude>
    <ClInclude Include="..\..\src\thrids\tinyxml2\tinyxml2.h">
      <Filter>thrids\tinyxml2</Filter>
    </ClInclude>
    <ClInclude Include="..\..\src\core\Synth\ModulatorList.h">
      <Filter>core\Synth</Filter>
    </ClInclude>
    <ClInclude Include="..\..\src\core\Synth\Ventrue.h">
      <Filter>core\Synth</Filter>
    </ClInclude>
    <ClInclude Include="..\..\src\core\Synth\VentrueEvent.h">
      <Filter>core\Synth</Filter>
    </ClInclude>
    <ClInclude Include="..\..\src\core\Synth\VentrueTypes.h">
      <Filter>core\Synth</Filter>
    </ClInclude>
    <ClInclude Include="..\..\src\core\SoundFontFormat\SF2\SF2.h">
      <Filter>core\SoundFontFormat\SF2</Filter>
    </ClInclude>
    <ClInclude Include="..\..\src\core\SoundFontFormat\SF2\SF2Chunks.h">
      <Filter>core\SoundFontFormat\SF2</Filter>
    </ClInclude>
    <ClInclude Include="..\..\src\core\SoundFontFormat\SF2\SF2Parser.h">
      <Filter>core\SoundFontFormat\SF2</Filter>
    </ClInclude>
    <ClInclude Include="..\..\src\core\SoundFontFormat\SF2\SF2Structs.h">
      <Filter>core\SoundFontFormat\SF2</Filter>
    </ClInclude>
    <ClInclude Include="..\..\src\core\SoundFontFormat\SF2\SF2Types.h">
      <Filter>core\SoundFontFormat\SF2</Filter>
    </ClInclude>
    <ClInclude Include="..\..\src\core\SoundFontFormat\VentrueFont\VentrueFont.h">
      <Filter>core\SoundFontFormat\VentrueFont</Filter>
    </ClInclude>
    <ClInclude Include="..\..\src\core\Synth\RegionModulation.h">
      <Filter>core\Synth</Filter>
    </ClInclude>
    <ClInclude Include="..\..\src\core\Synth\RegionSounderThread.h">
      <Filter>core\Synth</Filter>
    </ClInclude>
    <ClInclude Include="..\..\src\core\Effect\VentrueEffect.h">
      <Filter>core\Effect</Filter>
    </ClInclude>
    <ClInclude Include="..\..\src\core\Synth\VentrueCmd.h">
      <Filter>core\Synth</Filter>
    </ClInclude>
    <ClInclude Include="..\..\src\thrids\task\TaskProcesser.h">
      <Filter>thrids\task</Filter>
    </ClInclude>
    <ClInclude Include="..\..\src\thrids\task\Task.h">
      <Filter>thrids\task</Filter>
    </ClInclude>
    <ClInclude Include="..\..\src\thrids\task\TaskTypes.h">
      <Filter>thrids\task</Filter>
    </ClInclude>
    <ClInclude Include="..\..\src\thrids\task\TaskQueue.h">
      <Filter>thrids\task</Filter>
    </ClInclude>
    <ClInclude Include="..\..\src\thrids\task\TaskTimer.h">
      <Filter>thrids\task</Filter>
    </ClInclude>
    <ClInclude Include="..\..\src\core\Synth\MidiTrackRecord.h">
      <Filter>core\Synth</Filter>
    </ClInclude>
    <ClInclude Include="..\..\src\core\Audio\Audio.h">
      <Filter>core\Audio</Filter>
    </ClInclude>
    <ClInclude Include="..\..\src\core\Audio\AudioSDL\Audio_SDL.h">
      <Filter>core\Audio\AudioSDL</Filter>
    </ClInclude>
    <ClInclude Include="..\..\src\thrids\scutils\RingBuffer.h">
      <Filter>thrids\scutils</Filter>
    </ClInclude>
    <ClInclude Include="..\..\src\core\Audio\AudioOboe\Audio_oboe.h">
      <Filter>core\Audio\AudioOboe</Filter>
    </ClInclude>
    <ClInclude Include="..\..\src\core\Effect\EffectList.h">
      <Filter>core\Effect</Filter>
    </ClInclude>
    <ClInclude Include="..\..\src\core\Effect\EffectDelay.h">
      <Filter>core\Effect</Filter>
    </ClInclude>
    <ClInclude Include="..\..\src\core\Effect\EffectChorus.h">
      <Filter>core\Effect</Filter>
    </ClInclude>
    <ClInclude Include="..\..\src\core\Effect\EffectReverb.h">
      <Filter>core\Effect</Filter>
    </ClInclude>
    <ClInclude Include="..\..\src\core\Effect\EffectCmd\EffectReverbCmd.h">
      <Filter>core\Effect\EffectCmd</Filter>
    </ClInclude>
    <ClInclude Include="..\..\src\core\Effect\EffectCmd\EffectCmd.h">
      <Filter>core\Effect\EffectCmd</Filter>
    </ClInclude>
    <ClInclude Include="..\..\src\core\Effect\EffectCmd\EffectTask.h">
      <Filter>core\Effect\EffectCmd</Filter>
    </ClInclude>
    <ClInclude Include="..\..\src\core\Effect\EffectCmd\EffectEqualizerCmd.h">
      <Filter>core\Effect\EffectCmd</Filter>
    </ClInclude>
    <ClInclude Include="..\..\src\core\Effect\EffectCmd\EffectChorusCmd.h">
      <Filter>core\Effect\EffectCmd</Filter>
    </ClInclude>
    <ClInclude Include="..\..\src\core\Effect\EffectCmd\EffectDelayCmd.h">
      <Filter>core\Effect\EffectCmd</Filter>
    </ClInclude>
    <ClInclude Include="..\..\src\thrids\dsignal\Dsignal.h">
      <Filter>thrids\dsignal</Filter>
    </ClInclude>
    <ClInclude Include="..\..\src\thrids\dsignal\Filter.h">
      <Filter>thrids\dsignal</Filter>
    </ClInclude>
    <ClInclude Include="..\..\src\thrids\dsignal\Bode.h">
      <Filter>thrids\dsignal</Filter>
    </ClInclude>
    <ClInclude Include="..\..\src\thrids\dsignal\ParameterEqualizer.h">
      <Filter>thrids\dsignal</Filter>
    </ClInclude>
    <ClInclude Include="..\..\src\thrids\dsignal\GraphEqualizer.h">
      <Filter>thrids\dsignal</Filter>
    </ClInclude>
    <ClInclude Include="..\..\src\thrids\dsignal\CascadeBiquad.h">
      <Filter>thrids\dsignal</Filter>
    </ClInclude>
    <ClInclude Include="..\..\src\thrids\dsignal\Compressor.h">
      <Filter>thrids\dsignal</Filter>
    </ClInclude>
    <ClInclude Include="..\..\src\core\Effect\EffectCompressor.h">
      <Filter>core\Effect</Filter>
    </ClInclude>
    <ClInclude Include="..\..\src\core\Effect\EffectCmd\EffectCompressorCmd.h">
      <Filter>core\Effect\EffectCmd</Filter>
    </ClInclude>
    <ClInclude Include="..\..\src\thrids\iir1\iir\Biquad.h">
      <Filter>thrids\iir1\iir</Filter>
    </ClInclude>
    <ClInclude Include="..\..\src\thrids\iir1\iir\Butterworth.h">
      <Filter>thrids\iir1\iir</Filter>
    </ClInclude>
    <ClInclude Include="..\..\src\thrids\iir1\iir\Cascade.h">
      <Filter>thrids\iir1\iir</Filter>
    </ClInclude>
    <ClInclude Include="..\..\src\thrids\iir1\iir\ChebyshevI.h">
      <Filter>thrids\iir1\iir</Filter>
    </ClInclude>
    <ClInclude Include="..\..\src\thrids\iir1\iir\ChebyshevII.h">
      <Filter>thrids\iir1\iir</Filter>
    </ClInclude>
    <ClInclude Include="..\..\src\thrids\iir1\iir\Common.h">
      <Filter>thrids\iir1\iir</Filter>
    </ClInclude>
    <ClInclude Include="..\..\src\thrids\iir1\iir\Custom.h">
      <Filter>thrids\iir1\iir</Filter>
    </ClInclude>
    <ClInclude Include="..\..\src\thrids\iir1\iir\Layout.h">
      <Filter>thrids\iir1\iir</Filter>
    </ClInclude>
    <ClInclude Include="..\..\src\thrids\iir1\iir\MathSupplement.h">
      <Filter>thrids\iir1\iir</Filter>
    </ClInclude>
    <ClInclude Include="..\..\src\thrids\iir1\iir\PoleFilter.h">
      <Filter>thrids\iir1\iir</Filter>
    </ClInclude>
    <ClInclude Include="..\..\src\thrids\iir1\iir\RBJ.h">
      <Filter>thrids\iir1\iir</Filter>
    </ClInclude>
    <ClInclude Include="..\..\src\thrids\iir1\iir\State.h">
      <Filter>thrids\iir1\iir</Filter>
    </ClInclude>
    <ClInclude Include="..\..\src\thrids\iir1\iir\Types.h">
      <Filter>thrids\iir1\iir</Filter>
    </ClInclude>
    <ClInclude Include="..\..\src\thrids\dsignal\RBJBiquad.h">
      <Filter>thrids\dsignal</Filter>
    </ClInclude>
    <ClInclude Include="..\..\src\core\Effect\EffectEqualizer.h">
      <Filter>core\Effect</Filter>
    </ClInclude>
    <ClInclude Include="..\..\src\thrids\iir1\iir\Iir1.h">
      <Filter>thrids\iir1\iir</Filter>
    </ClInclude>
    <ClInclude Include="..\..\src\thrids\scutils\SingletonDefine.h">
      <Filter>thrids\scutils</Filter>
    </ClInclude>
    <ClInclude Include="..\..\src\core\Synth\VentruePool.h">
      <Filter>core\Synth</Filter>
    </ClInclude>
  </ItemGroup>
</Project>