<?xml version="1.0" encoding="utf-8"?>
<Project ToolsVersion="4.0" xmlns="http://schemas.microsoft.com/developer/msbuild/2003">
  <ItemGroup>
    <Filter Include="core">
      <UniqueIdentifier>{f1462b10-d08e-4c92-9976-519fa028fd06}</UniqueIdentifier>
    </Filter>
    <Filter Include="core\Audio">
      <UniqueIdentifier>{f8851927-fe11-4c49-bd72-5a93f7d344d7}</UniqueIdentifier>
    </Filter>
    <Filter Include="core\Midi">
      <UniqueIdentifier>{804312d2-c65a-4107-aa40-2d70280f674c}</UniqueIdentifier>
    </Filter>
    <Filter Include="core\SoundFontFormat">
      <UniqueIdentifier>{28dd9b5a-8292-428e-bbe1-5576b964872a}</UniqueIdentifier>
    </Filter>
    <Filter Include="core\Synth">
      <UniqueIdentifier>{9fafc8fc-15c1-4349-af54-a4454a54e75d}</UniqueIdentifier>
    </Filter>
    <Filter Include="core\SoundFontFormat\SF2">
      <UniqueIdentifier>{fe66b5f3-4d57-46d8-b42b-61d3d9c0d9b8}</UniqueIdentifier>
    </Filter>
    <Filter Include="thrids">
      <UniqueIdentifier>{c0764f9b-fb88-4559-8c17-e073635a9f2b}</UniqueIdentifier>
    </Filter>
    <Filter Include="thrids\scutils">
      <UniqueIdentifier>{f8862251-952d-490a-b7b8-e51ff288fb09}</UniqueIdentifier>
    </Filter>
    <Filter Include="thrids\tinyxml2">
      <UniqueIdentifier>{0a1e17c8-ebd2-4b1e-b248-29d1bcf44ff4}</UniqueIdentifier>
    </Filter>
    <Filter Include="thrids\task">
      <UniqueIdentifier>{e82904aa-cfc9-4ff5-a517-6f9c68946a48}</UniqueIdentifier>
    </Filter>
    <Filter Include="core\Audio\AudioOboe">
      <UniqueIdentifier>{535cde91-d3b4-4d88-a88e-b2df09e7b005}</UniqueIdentifier>
    </Filter>
    <Filter Include="core\Audio\AudioPa">
      <UniqueIdentifier>{d0671077-5a0b-4bec-854e-801a428d5881}</UniqueIdentifier>
    </Filter>
    <Filter Include="core\Audio\AudioSDL">
      <UniqueIdentifier>{1b17d670-7be5-4223-a528-8fb81d3c909a}</UniqueIdentifier>
    </Filter>
    <Filter Include="core\Synth\Synther">
      <UniqueIdentifier>{60afeaff-6421-4bcd-b306-3d587b179ec1}</UniqueIdentifier>
    </Filter>
    <Filter Include="core\Audio\AudioRt">
      <UniqueIdentifier>{1fbdef70-8c78-4a25-99a8-7d61e5446bf7}</UniqueIdentifier>
    </Filter>
    <Filter Include="thrids\DaisySP">
      <UniqueIdentifier>{bb190132-ac81-42a6-95d2-beb0d1be7278}</UniqueIdentifier>
    </Filter>
    <Filter Include="thrids\DaisySP\Control">
      <UniqueIdentifier>{21a784e9-d149-4682-a3a3-94a17354f323}</UniqueIdentifier>
    </Filter>
    <Filter Include="thrids\DaisySP\Drums">
      <UniqueIdentifier>{cf7e73b8-ca38-4ead-b051-d03590871ae3}</UniqueIdentifier>
    </Filter>
    <Filter Include="thrids\DaisySP\Dynamics">
      <UniqueIdentifier>{1e072d97-cd85-4dd2-b4e3-b90f7e675fe6}</UniqueIdentifier>
    </Filter>
    <Filter Include="thrids\DaisySP\Effects">
      <UniqueIdentifier>{c6fc7d01-af50-48fa-9194-9aab421f67c1}</UniqueIdentifier>
    </Filter>
    <Filter Include="thrids\DaisySP\Filters">
      <UniqueIdentifier>{230a9fee-9585-475f-b6ea-a6992ba9b866}</UniqueIdentifier>
    </Filter>
    <Filter Include="thrids\DaisySP\Noise">
      <UniqueIdentifier>{988b389b-75c3-4494-89f9-38ff40044e54}</UniqueIdentifier>
    </Filter>
    <Filter Include="thrids\DaisySP\PhysicalModeling">
      <UniqueIdentifier>{90317666-1fc4-4e3b-956d-27d4ff705493}</UniqueIdentifier>
    </Filter>
    <Filter Include="thrids\DaisySP\Synthesis">
      <UniqueIdentifier>{901d64a7-c6ca-431f-aa18-02beaffe9b0d}</UniqueIdentifier>
    </Filter>
    <Filter Include="thrids\DaisySP\Utility">
      <UniqueIdentifier>{e2cab934-f64a-4b59-98df-21f64c09429c}</UniqueIdentifier>
    </Filter>
    <Filter Include="thrids\stk">
      <UniqueIdentifier>{b9a7276c-5dcb-4ae5-8e73-6316de782560}</UniqueIdentifier>
    </Filter>
    <Filter Include="thrids\iir">
      <UniqueIdentifier>{89347cd5-8997-48e7-a093-6cd5c66040b2}</UniqueIdentifier>
    </Filter>
    <Filter Include="core\FX">
      <UniqueIdentifier>{f7a7bd44-3bb1-47ca-9800-929b36a6c745}</UniqueIdentifier>
    </Filter>
    <Filter Include="thrids\dsignal">
      <UniqueIdentifier>{8cd7d44a-8c46-4697-a82b-dff6e23ae284}</UniqueIdentifier>
    </Filter>
    <Filter Include="core\Synth\Editor">
      <UniqueIdentifier>{e7c0b1d2-fbf4-440d-b5b5-c3c7911b6ece}</UniqueIdentifier>
    </Filter>
    <Filter Include="thrids\kissfft">
      <UniqueIdentifier>{880e6422-ee3a-4297-8b76-263b91134acb}</UniqueIdentifier>
    </Filter>
    <Filter Include="thrids\OteyPiano">
      <UniqueIdentifier>{abc00e77-5921-4a1c-b894-3963e5fc045f}</UniqueIdentifier>
    </Filter>
    <Filter Include="thrids\wav">
      <UniqueIdentifier>{56b6fd96-0975-41d3-9c8f-72950901b7ad}</UniqueIdentifier>
    </Filter>
    <Filter Include="thrids\libmp3lame">
      <UniqueIdentifier>{5786fe4e-43c9-4970-a4cf-db359d60ae61}</UniqueIdentifier>
    </Filter>
    <Filter Include="thrids\sf3">
      <UniqueIdentifier>{8fb08a42-de24-4b17-aff2-5800b7fb89cf}</UniqueIdentifier>
    </Filter>
    <Filter Include="thrids\ogg_vorbis">
      <UniqueIdentifier>{0ae67c23-53c3-4ec6-bd34-0376e0a4dadd}</UniqueIdentifier>
    </Filter>
    <Filter Include="core\SoundFontFormat\SF3">
      <UniqueIdentifier>{9d77b859-496c-4c11-b13b-710d71d19ee0}</UniqueIdentifier>
    </Filter>
    <Filter Include="thrids\ogg_vorbis\include">
      <UniqueIdentifier>{ccb7031a-b26b-4f1b-9779-7641c7d64840}</UniqueIdentifier>
    </Filter>
    <Filter Include="thrids\ogg_vorbis\include\ogg">
      <UniqueIdentifier>{8e4615ef-f608-4054-8e9b-e9d17e65b111}</UniqueIdentifier>
    </Filter>
    <Filter Include="thrids\ogg_vorbis\include\vorbis">
      <UniqueIdentifier>{ccc31428-4fa4-43c0-921a-525ab461a3b6}</UniqueIdentifier>
    </Filter>
    <Filter Include="thrids\ogg_vorbis\libogg">
      <UniqueIdentifier>{cdbe4d55-10f7-4db3-ba00-7294bc84ad61}</UniqueIdentifier>
    </Filter>
    <Filter Include="thrids\ogg_vorbis\libvorbis">
      <UniqueIdentifier>{6429729f-6ef0-475b-8a77-9120c4bd37f3}</UniqueIdentifier>
    </Filter>
    <Filter Include="thrids\ogg_vorbis\libvorbis\books">
      <UniqueIdentifier>{ba2b1ec1-ef00-47a4-80df-56d8c7c2621b}</UniqueIdentifier>
    </Filter>
    <Filter Include="thrids\ogg_vorbis\libvorbis\books\coupled">
      <UniqueIdentifier>{fa7e594e-37d9-4218-8241-1c513f36552e}</UniqueIdentifier>
    </Filter>
    <Filter Include="thrids\ogg_vorbis\libvorbis\books\floor">
      <UniqueIdentifier>{5ac76011-213f-4e28-8b47-e5b7e52c479f}</UniqueIdentifier>
    </Filter>
    <Filter Include="thrids\ogg_vorbis\libvorbis\books\uncoupled">
      <UniqueIdentifier>{3b2ca47a-59a3-4d59-aa03-76644be6e116}</UniqueIdentifier>
    </Filter>
    <Filter Include="thrids\ogg_vorbis\libvorbis\modes">
      <UniqueIdentifier>{46c6731f-1f2f-4b55-9858-2b5f41b41728}</UniqueIdentifier>
    </Filter>
  </ItemGroup>
  <ItemGroup>
    <ClCompile Include="..\..\src\core\Synth\Envelope.cpp">
      <Filter>core\Synth</Filter>
    </ClCompile>
    <ClCompile Include="..\..\src\core\Synth\Generator.cpp">
      <Filter>core\Synth</Filter>
    </ClCompile>
    <ClCompile Include="..\..\src\core\Synth\Instrument.cpp">
      <Filter>core\Synth</Filter>
    </ClCompile>
    <ClCompile Include="..\..\src\core\Synth\KeySounder.cpp">
      <Filter>core\Synth</Filter>
    </ClCompile>
    <ClCompile Include="..\..\src\core\Synth\Lfo.cpp">
      <Filter>core\Synth</Filter>
    </ClCompile>
    <ClCompile Include="..\..\src\core\Synth\Modulator.cpp">
      <Filter>core\Synth</Filter>
    </ClCompile>
    <ClCompile Include="..\..\src\core\Synth\Preset.cpp">
      <Filter>core\Synth</Filter>
    </ClCompile>
    <ClCompile Include="..\..\src\core\Synth\Zone.cpp">
      <Filter>core\Synth</Filter>
    </ClCompile>
    <ClCompile Include="..\..\src\core\Synth\ZoneSounder.cpp">
      <Filter>core\Synth</Filter>
    </ClCompile>
    <ClCompile Include="..\..\src\core\Synth\Sample.cpp">
      <Filter>core\Synth</Filter>
    </ClCompile>
    <ClCompile Include="..\..\src\core\Synth\UnitTransform.cpp">
      <Filter>core\Synth</Filter>
    </ClCompile>
    <ClCompile Include="..\..\src\core\Midi\MidiEvent.cpp">
      <Filter>core\Midi</Filter>
    </ClCompile>
    <ClCompile Include="..\..\src\core\Midi\MidiFile.cpp">
      <Filter>core\Midi</Filter>
    </ClCompile>
    <ClCompile Include="..\..\src\core\Midi\MidiTrack.cpp">
      <Filter>core\Midi</Filter>
    </ClCompile>
    <ClCompile Include="..\..\src\thrids\scutils\ByteStream.cpp">
      <Filter>thrids\scutils</Filter>
    </ClCompile>
    <ClCompile Include="..\..\src\thrids\scutils\MathUtils.cpp">
      <Filter>thrids\scutils</Filter>
    </ClCompile>
    <ClCompile Include="..\..\src\thrids\scutils\UniqueID.cpp">
      <Filter>thrids\scutils</Filter>
    </ClCompile>
    <ClCompile Include="..\..\src\thrids\scutils\Utils.cpp">
      <Filter>thrids\scutils</Filter>
    </ClCompile>
    <ClCompile Include="..\..\src\thrids\tinyxml2\tinyxml2.cpp">
      <Filter>thrids\tinyxml2</Filter>
    </ClCompile>
    <ClCompile Include="..\..\src\core\Synth\InsideModulators.cpp">
      <Filter>core\Synth</Filter>
    </ClCompile>
    <ClCompile Include="..\..\src\core\SoundFontFormat\SF2\SF2.cpp">
      <Filter>core\SoundFontFormat\SF2</Filter>
    </ClCompile>
    <ClCompile Include="..\..\src\core\SoundFontFormat\SF2\SF2Chunks.cpp">
      <Filter>core\SoundFontFormat\SF2</Filter>
    </ClCompile>
    <ClCompile Include="..\..\src\core\SoundFontFormat\SF2\SF2Parser.cpp">
      <Filter>core\SoundFontFormat\SF2</Filter>
    </ClCompile>
    <ClCompile Include="..\..\src\core\SoundFontFormat\SF2\SF2Structs.cpp">
      <Filter>core\SoundFontFormat\SF2</Filter>
    </ClCompile>
    <ClCompile Include="..\..\src\core\Synth\ZoneSounderThread.cpp">
      <Filter>core\Synth</Filter>
    </ClCompile>
    <ClCompile Include="..\..\src\thrids\task\TaskProcesser.cpp">
      <Filter>thrids\task</Filter>
    </ClCompile>
    <ClCompile Include="..\..\src\thrids\task\Task.cpp">
      <Filter>thrids\task</Filter>
    </ClCompile>
    <ClCompile Include="..\..\src\thrids\task\TaskTimer.cpp">
      <Filter>thrids\task</Filter>
    </ClCompile>
    <ClCompile Include="..\..\src\thrids\scutils\Semaplore.cpp">
      <Filter>thrids\scutils</Filter>
    </ClCompile>
    <ClCompile Include="..\..\src\thrids\scutils\RingBuffer.cpp">
      <Filter>thrids\scutils</Filter>
    </ClCompile>
    <ClCompile Include="..\..\src\core\Audio\AudioOboe\Audio_oboe.cpp">
      <Filter>core\Audio\AudioOboe</Filter>
    </ClCompile>
    <ClCompile Include="..\..\src\thrids\dsignal\Dsignal.cpp">
      <Filter>thrids\dsignal</Filter>
    </ClCompile>
    <ClCompile Include="..\..\src\thrids\dsignal\Filter.cpp">
      <Filter>thrids\dsignal</Filter>
    </ClCompile>
    <ClCompile Include="..\..\src\thrids\dsignal\Bode.cpp">
      <Filter>thrids\dsignal</Filter>
    </ClCompile>
    <ClCompile Include="..\..\src\thrids\dsignal\ParameterEqualizer.cpp">
      <Filter>thrids\dsignal</Filter>
    </ClCompile>
    <ClCompile Include="..\..\src\thrids\dsignal\GraphEqualizer.cpp">
      <Filter>thrids\dsignal</Filter>
    </ClCompile>
    <ClCompile Include="..\..\src\thrids\dsignal\CascadeBiquad.cpp">
      <Filter>thrids\dsignal</Filter>
    </ClCompile>
    <ClCompile Include="..\..\src\core\Audio\AudioPa\Audio_pa.cpp">
      <Filter>core\Audio\AudioPa</Filter>
    </ClCompile>
    <ClCompile Include="..\..\src\core\Audio\AudioSDL\Audio_SDL.cpp">
      <Filter>core\Audio\AudioSDL</Filter>
    </ClCompile>
    <ClCompile Include="..\..\src\core\Synth\Synther\Synther.cpp">
      <Filter>core\Synth\Synther</Filter>
    </ClCompile>
    <ClCompile Include="..\..\src\core\Synth\SyntherEvent.cpp">
      <Filter>core\Synth</Filter>
    </ClCompile>
    <ClCompile Include="..\..\src\core\Synth\Tau.cpp">
      <Filter>core\Synth</Filter>
    </ClCompile>
    <ClCompile Include="..\..\src\core\Synth\TauPool.cpp">
      <Filter>core\Synth</Filter>
    </ClCompile>
    <ClCompile Include="..\..\src\core\Audio\AudioRt\Audio_Rt.cpp">
      <Filter>core\Audio\AudioRt</Filter>
    </ClCompile>
    <ClCompile Include="..\..\src\core\Synth\SoundFont.cpp">
      <Filter>core\Synth</Filter>
    </ClCompile>
    <ClCompile Include="..\..\src\thrids\DaisySP\Control\adenv.cpp">
      <Filter>thrids\DaisySP\Control</Filter>
    </ClCompile>
    <ClCompile Include="..\..\src\thrids\DaisySP\Control\adsr.cpp">
      <Filter>thrids\DaisySP\Control</Filter>
    </ClCompile>
    <ClCompile Include="..\..\src\thrids\DaisySP\Control\line.cpp">
      <Filter>thrids\DaisySP\Control</Filter>
    </ClCompile>
    <ClCompile Include="..\..\src\thrids\DaisySP\Control\phasor.cpp">
      <Filter>thrids\DaisySP\Control</Filter>
    </ClCompile>
    <ClCompile Include="..\..\src\thrids\DaisySP\Drums\analogbassdrum.cpp">
      <Filter>thrids\DaisySP\Drums</Filter>
    </ClCompile>
    <ClCompile Include="..\..\src\thrids\DaisySP\Drums\analogsnaredrum.cpp">
      <Filter>thrids\DaisySP\Drums</Filter>
    </ClCompile>
    <ClCompile Include="..\..\src\thrids\DaisySP\Drums\hihat.cpp">
      <Filter>thrids\DaisySP\Drums</Filter>
    </ClCompile>
    <ClCompile Include="..\..\src\thrids\DaisySP\Drums\synthbassdrum.cpp">
      <Filter>thrids\DaisySP\Drums</Filter>
    </ClCompile>
    <ClCompile Include="..\..\src\thrids\DaisySP\Drums\synthsnaredrum.cpp">
      <Filter>thrids\DaisySP\Drums</Filter>
    </ClCompile>
    <ClCompile Include="..\..\src\thrids\DaisySP\Dynamics\balance.cpp">
      <Filter>thrids\DaisySP\Dynamics</Filter>
    </ClCompile>
    <ClCompile Include="..\..\src\thrids\DaisySP\Dynamics\compressor.cpp">
      <Filter>thrids\DaisySP\Dynamics</Filter>
    </ClCompile>
    <ClCompile Include="..\..\src\thrids\DaisySP\Dynamics\crossfade.cpp">
      <Filter>thrids\DaisySP\Dynamics</Filter>
    </ClCompile>
    <ClCompile Include="..\..\src\thrids\DaisySP\Dynamics\limiter.cpp">
      <Filter>thrids\DaisySP\Dynamics</Filter>
    </ClCompile>
    <ClCompile Include="..\..\src\thrids\DaisySP\Effects\autowah.cpp">
      <Filter>thrids\DaisySP\Effects</Filter>
    </ClCompile>
    <ClCompile Include="..\..\src\thrids\DaisySP\Effects\bitcrush.cpp">
      <Filter>thrids\DaisySP\Effects</Filter>
    </ClCompile>
    <ClCompile Include="..\..\src\thrids\DaisySP\Effects\chorus.cpp">
      <Filter>thrids\DaisySP\Effects</Filter>
    </ClCompile>
    <ClCompile Include="..\..\src\thrids\DaisySP\Effects\decimator.cpp">
      <Filter>thrids\DaisySP\Effects</Filter>
    </ClCompile>
    <ClCompile Include="..\..\src\thrids\DaisySP\Effects\flanger.cpp">
      <Filter>thrids\DaisySP\Effects</Filter>
    </ClCompile>
    <ClCompile Include="..\..\src\thrids\DaisySP\Effects\fold.cpp">
      <Filter>thrids\DaisySP\Effects</Filter>
    </ClCompile>
    <ClCompile Include="..\..\src\thrids\DaisySP\Effects\overdrive.cpp">
      <Filter>thrids\DaisySP\Effects</Filter>
    </ClCompile>
    <ClCompile Include="..\..\src\thrids\DaisySP\Effects\phaser.cpp">
      <Filter>thrids\DaisySP\Effects</Filter>
    </ClCompile>
    <ClCompile Include="..\..\src\thrids\DaisySP\Effects\reverbsc.cpp">
      <Filter>thrids\DaisySP\Effects</Filter>
    </ClCompile>
    <ClCompile Include="..\..\src\thrids\DaisySP\Effects\sampleratereducer.cpp">
      <Filter>thrids\DaisySP\Effects</Filter>
    </ClCompile>
    <ClCompile Include="..\..\src\thrids\DaisySP\Effects\tremolo.cpp">
      <Filter>thrids\DaisySP\Effects</Filter>
    </ClCompile>
    <ClCompile Include="..\..\src\thrids\DaisySP\Filters\allpass.cpp">
      <Filter>thrids\DaisySP\Filters</Filter>
    </ClCompile>
    <ClCompile Include="..\..\src\thrids\DaisySP\Filters\atone.cpp">
      <Filter>thrids\DaisySP\Filters</Filter>
    </ClCompile>
    <ClCompile Include="..\..\src\thrids\DaisySP\Filters\comb.cpp">
      <Filter>thrids\DaisySP\Filters</Filter>
    </ClCompile>
    <ClCompile Include="..\..\src\thrids\DaisySP\Filters\mode.cpp">
      <Filter>thrids\DaisySP\Filters</Filter>
    </ClCompile>
    <ClCompile Include="..\..\src\thrids\DaisySP\Filters\moogladder.cpp">
      <Filter>thrids\DaisySP\Filters</Filter>
    </ClCompile>
    <ClCompile Include="..\..\src\thrids\DaisySP\Filters\nlfilt.cpp">
      <Filter>thrids\DaisySP\Filters</Filter>
    </ClCompile>
    <ClCompile Include="..\..\src\thrids\DaisySP\Filters\svf.cpp">
      <Filter>thrids\DaisySP\Filters</Filter>
    </ClCompile>
    <ClCompile Include="..\..\src\thrids\DaisySP\Filters\tone.cpp">
      <Filter>thrids\DaisySP\Filters</Filter>
    </ClCompile>
    <ClCompile Include="..\..\src\thrids\DaisySP\Noise\clockednoise.cpp">
      <Filter>thrids\DaisySP\Noise</Filter>
    </ClCompile>
    <ClCompile Include="..\..\src\thrids\DaisySP\Noise\grainlet.cpp">
      <Filter>thrids\DaisySP\Noise</Filter>
    </ClCompile>
    <ClCompile Include="..\..\src\thrids\DaisySP\Noise\particle.cpp">
      <Filter>thrids\DaisySP\Noise</Filter>
    </ClCompile>
    <ClCompile Include="..\..\src\thrids\DaisySP\PhysicalModeling\drip.cpp">
      <Filter>thrids\DaisySP\PhysicalModeling</Filter>
    </ClCompile>
    <ClCompile Include="..\..\src\thrids\DaisySP\PhysicalModeling\KarplusString.cpp">
      <Filter>thrids\DaisySP\PhysicalModeling</Filter>
    </ClCompile>
    <ClCompile Include="..\..\src\thrids\DaisySP\PhysicalModeling\modalvoice.cpp">
      <Filter>thrids\DaisySP\PhysicalModeling</Filter>
    </ClCompile>
    <ClCompile Include="..\..\src\thrids\DaisySP\PhysicalModeling\pluck.cpp">
      <Filter>thrids\DaisySP\PhysicalModeling</Filter>
    </ClCompile>
    <ClCompile Include="..\..\src\thrids\DaisySP\PhysicalModeling\resonator.cpp">
      <Filter>thrids\DaisySP\PhysicalModeling</Filter>
    </ClCompile>
    <ClCompile Include="..\..\src\thrids\DaisySP\PhysicalModeling\stringvoice.cpp">
      <Filter>thrids\DaisySP\PhysicalModeling</Filter>
    </ClCompile>
    <ClCompile Include="..\..\src\thrids\DaisySP\Synthesis\blosc.cpp">
      <Filter>thrids\DaisySP\Synthesis</Filter>
    </ClCompile>
    <ClCompile Include="..\..\src\thrids\DaisySP\Synthesis\fm2.cpp">
      <Filter>thrids\DaisySP\Synthesis</Filter>
    </ClCompile>
    <ClCompile Include="..\..\src\thrids\DaisySP\Synthesis\formantosc.cpp">
      <Filter>thrids\DaisySP\Synthesis</Filter>
    </ClCompile>
    <ClCompile Include="..\..\src\thrids\DaisySP\Synthesis\oscillator.cpp">
      <Filter>thrids\DaisySP\Synthesis</Filter>
    </ClCompile>
    <ClCompile Include="..\..\src\thrids\DaisySP\Synthesis\oscillatorbank.cpp">
      <Filter>thrids\DaisySP\Synthesis</Filter>
    </ClCompile>
    <ClCompile Include="..\..\src\thrids\DaisySP\Synthesis\variablesawosc.cpp">
      <Filter>thrids\DaisySP\Synthesis</Filter>
    </ClCompile>
    <ClCompile Include="..\..\src\thrids\DaisySP\Synthesis\variableshapeosc.cpp">
      <Filter>thrids\DaisySP\Synthesis</Filter>
    </ClCompile>
    <ClCompile Include="..\..\src\thrids\DaisySP\Synthesis\vosim.cpp">
      <Filter>thrids\DaisySP\Synthesis</Filter>
    </ClCompile>
    <ClCompile Include="..\..\src\thrids\DaisySP\Synthesis\zoscillator.cpp">
      <Filter>thrids\DaisySP\Synthesis</Filter>
    </ClCompile>
    <ClCompile Include="..\..\src\thrids\DaisySP\Utility\dcblock.cpp">
      <Filter>thrids\DaisySP\Utility</Filter>
    </ClCompile>
    <ClCompile Include="..\..\src\thrids\DaisySP\Utility\jitter.cpp">
      <Filter>thrids\DaisySP\Utility</Filter>
    </ClCompile>
    <ClCompile Include="..\..\src\thrids\DaisySP\Utility\metro.cpp">
      <Filter>thrids\DaisySP\Utility</Filter>
    </ClCompile>
    <ClCompile Include="..\..\src\thrids\DaisySP\Utility\port.cpp">
      <Filter>thrids\DaisySP\Utility</Filter>
    </ClCompile>
    <ClCompile Include="..\..\src\thrids\stk\Delay.cpp">
      <Filter>thrids\stk</Filter>
    </ClCompile>
    <ClCompile Include="..\..\src\thrids\stk\DelayL.cpp">
      <Filter>thrids\stk</Filter>
    </ClCompile>
    <ClCompile Include="..\..\src\thrids\stk\FreeVerb.cpp">
      <Filter>thrids\stk</Filter>
    </ClCompile>
    <ClCompile Include="..\..\src\thrids\stk\Iir.cpp">
      <Filter>thrids\stk</Filter>
    </ClCompile>
    <ClCompile Include="..\..\src\thrids\stk\OnePole.cpp">
      <Filter>thrids\stk</Filter>
    </ClCompile>
    <ClCompile Include="..\..\src\thrids\stk\SineWave.cpp">
      <Filter>thrids\stk</Filter>
    </ClCompile>
    <ClCompile Include="..\..\src\thrids\stk\Stk.cpp">
      <Filter>thrids\stk</Filter>
    </ClCompile>
    <ClCompile Include="..\..\src\thrids\DaisySP\Filters\biquad.cpp">
      <Filter>thrids\DaisySP\Filters</Filter>
    </ClCompile>
    <ClCompile Include="..\..\src\thrids\dsignal\Compressor.cpp">
      <Filter>thrids\dsignal</Filter>
    </ClCompile>
    <ClCompile Include="..\..\src\thrids\dsignal\Biquad.cpp">
      <Filter>thrids\dsignal</Filter>
    </ClCompile>
    <ClCompile Include="..\..\src\thrids\iir\Biquad.cpp">
      <Filter>thrids\iir</Filter>
    </ClCompile>
    <ClCompile Include="..\..\src\thrids\iir\Butterworth.cpp">
      <Filter>thrids\iir</Filter>
    </ClCompile>
    <ClCompile Include="..\..\src\thrids\iir\Cascade.cpp">
      <Filter>thrids\iir</Filter>
    </ClCompile>
    <ClCompile Include="..\..\src\thrids\iir\ChebyshevI.cpp">
      <Filter>thrids\iir</Filter>
    </ClCompile>
    <ClCompile Include="..\..\src\thrids\iir\ChebyshevII.cpp">
      <Filter>thrids\iir</Filter>
    </ClCompile>
    <ClCompile Include="..\..\src\thrids\iir\Custom.cpp">
      <Filter>thrids\iir</Filter>
    </ClCompile>
    <ClCompile Include="..\..\src\thrids\iir\PoleFilter.cpp">
      <Filter>thrids\iir</Filter>
    </ClCompile>
    <ClCompile Include="..\..\src\thrids\iir\RBJ.cpp">
      <Filter>thrids\iir</Filter>
    </ClCompile>
    <ClCompile Include="..\..\src\core\FX\EffectList.cpp">
      <Filter>core\FX</Filter>
    </ClCompile>
    <ClCompile Include="..\..\src\thrids\stk\Chorus.cpp">
      <Filter>thrids\stk</Filter>
    </ClCompile>
    <ClCompile Include="..\..\src\thrids\dsignal\Distortion.cpp">
      <Filter>thrids\dsignal</Filter>
    </ClCompile>
    <ClCompile Include="..\..\src\thrids\dsignal\FilterTest.cpp">
      <Filter>thrids\dsignal</Filter>
    </ClCompile>
    <ClCompile Include="..\..\src\thrids\dsignal\MorphLBHFilter.cpp">
      <Filter>thrids\dsignal</Filter>
    </ClCompile>
    <ClCompile Include="..\..\src\core\Synth\Channel.cpp">
      <Filter>core\Synth</Filter>
    </ClCompile>
    <ClCompile Include="..\..\src\core\Synth\VirInstrument.cpp">
      <Filter>core\Synth</Filter>
    </ClCompile>
    <ClCompile Include="..\..\src\core\Synth\MidiTrackRecord.cpp">
      <Filter>core\Synth</Filter>
    </ClCompile>
    <ClCompile Include="..\..\src\core\Synth\Editor\Editor.cpp">
      <Filter>core\Synth\Editor</Filter>
    </ClCompile>
    <ClCompile Include="..\..\src\core\Synth\Editor\InstFragment.cpp">
      <Filter>core\Synth\Editor</Filter>
    </ClCompile>
    <ClCompile Include="..\..\src\core\Synth\Editor\MidiEditor.cpp">
      <Filter>core\Synth\Editor</Filter>
    </ClCompile>
    <ClCompile Include="..\..\src\core\Synth\Editor\MidiMarker.cpp">
      <Filter>core\Synth\Editor</Filter>
    </ClCompile>
    <ClCompile Include="..\..\src\core\Synth\Editor\MidiMarkerList.cpp">
      <Filter>core\Synth\Editor</Filter>
    </ClCompile>
    <ClCompile Include="..\..\src\core\Synth\Editor\Tempo.cpp">
      <Filter>core\Synth\Editor</Filter>
    </ClCompile>
    <ClCompile Include="..\..\src\core\Synth\Editor\Track.cpp">
      <Filter>core\Synth\Editor</Filter>
    </ClCompile>
    <ClCompile Include="..\..\src\core\Synth\TauEditor.cpp">
      <Filter>core\Synth</Filter>
    </ClCompile>
    <ClCompile Include="..\..\src\core\Midi\MidiFileCreate.cpp">
      <Filter>core\Midi</Filter>
    </ClCompile>
    <ClCompile Include="..\..\src\thrids\task\SortTaskQueue.cpp">
      <Filter>thrids\task</Filter>
    </ClCompile>
    <ClCompile Include="..\..\src\thrids\task\TaskObjectPool.cpp">
      <Filter>thrids\task</Filter>
    </ClCompile>
    <ClCompile Include="..\..\src\thrids\task\MsgProcesser.cpp">
      <Filter>thrids\task</Filter>
    </ClCompile>
    <ClCompile Include="..\..\src\thrids\task\TimerWheel.cpp">
      <Filter>thrids\task</Filter>
    </ClCompile>
    <ClCompile Include="..\..\src\thrids\task\WheelSlot.cpp">
      <Filter>thrids\task</Filter>
    </ClCompile>
    <ClCompile Include="..\..\src\core\Synth\Editor\EditorPlayMode.cpp">
      <Filter>core\Synth\Editor</Filter>
    </ClCompile>
    <ClCompile Include="..\..\src\thrids\kissfft\kiss_fft.cpp">
      <Filter>thrids\kissfft</Filter>
    </ClCompile>
    <ClCompile Include="..\..\src\thrids\kissfft\kiss_fftr.cpp">
      <Filter>thrids\kissfft</Filter>
    </ClCompile>
    <ClCompile Include="..\..\src\core\Synth\Synther\SynthCache.cpp">
      <Filter>core\Synth\Synther</Filter>
    </ClCompile>
    <ClCompile Include="..\..\src\thrids\OteyPiano\DWG.cpp">
      <Filter>thrids\OteyPiano</Filter>
    </ClCompile>
    <ClCompile Include="..\..\src\thrids\OteyPiano\dwgs.cpp">
      <Filter>thrids\OteyPiano</Filter>
    </ClCompile>
    <ClCompile Include="..\..\src\thrids\OteyPiano\filter.cpp">
      <Filter>thrids\OteyPiano</Filter>
    </ClCompile>
    <ClCompile Include="..\..\src\thrids\OteyPiano\hammer.cpp">
      <Filter>thrids\OteyPiano</Filter>
    </ClCompile>
    <ClCompile Include="..\..\src\thrids\OteyPiano\reverb.cpp">
      <Filter>thrids\OteyPiano</Filter>
    </ClCompile>
    <ClCompile Include="..\..\src\thrids\OteyPiano\Piano.cpp">
      <Filter>thrids\OteyPiano</Filter>
    </ClCompile>
    <ClCompile Include="..\..\src\core\Synth\PhysicsPiano.cpp">
      <Filter>core\Synth</Filter>
    </ClCompile>
    <ClCompile Include="..\..\src\core\Synth\Editor\MeasureInfo.cpp">
      <Filter>core\Synth\Editor</Filter>
    </ClCompile>
    <ClCompile Include="..\..\src\core\Synth\Synther\SyntherRealtime.cpp">
      <Filter>core\Synth\Synther</Filter>
    </ClCompile>
    <ClCompile Include="..\..\src\core\Synth\Synther\SyntherMidiEditor.cpp">
      <Filter>core\Synth\Synther</Filter>
    </ClCompile>
    <ClCompile Include="..\..\src\core\Synth\Editor\SimpleModeTrack.cpp">
      <Filter>core\Synth\Editor</Filter>
    </ClCompile>
    <ClCompile Include="..\..\src\core\Synth\TauTypes.cpp">
      <Filter>core\Synth</Filter>
    </ClCompile>
    <ClCompile Include="..\..\src\thrids\wav\WavReader.cpp">
      <Filter>thrids\wav</Filter>
    </ClCompile>
    <ClCompile Include="..\..\src\thrids\wav\WavWriter.cpp">
      <Filter>thrids\wav</Filter>
    </ClCompile>
    <ClCompile Include="..\..\src\thrids\libmp3lame\bitstream.c">
      <Filter>thrids\libmp3lame</Filter>
    </ClCompile>
    <ClCompile Include="..\..\src\thrids\libmp3lame\encoder.c">
      <Filter>thrids\libmp3lame</Filter>
    </ClCompile>
    <ClCompile Include="..\..\src\thrids\libmp3lame\fft.c">
      <Filter>thrids\libmp3lame</Filter>
    </ClCompile>
    <ClCompile Include="..\..\src\thrids\libmp3lame\gain_analysis.c">
      <Filter>thrids\libmp3lame</Filter>
    </ClCompile>
    <ClCompile Include="..\..\src\thrids\libmp3lame\id3tag.c">
      <Filter>thrids\libmp3lame</Filter>
    </ClCompile>
    <ClCompile Include="..\..\src\thrids\libmp3lame\lame.c">
      <Filter>thrids\libmp3lame</Filter>
    </ClCompile>
    <ClCompile Include="..\..\src\thrids\libmp3lame\mpglib_interface.c">
      <Filter>thrids\libmp3lame</Filter>
    </ClCompile>
    <ClCompile Include="..\..\src\thrids\libmp3lame\newmdct.c">
      <Filter>thrids\libmp3lame</Filter>
    </ClCompile>
    <ClCompile Include="..\..\src\thrids\libmp3lame\presets.c">
      <Filter>thrids\libmp3lame</Filter>
    </ClCompile>
    <ClCompile Include="..\..\src\thrids\libmp3lame\psymodel.c">
      <Filter>thrids\libmp3lame</Filter>
    </ClCompile>
    <ClCompile Include="..\..\src\thrids\libmp3lame\quantize.c">
      <Filter>thrids\libmp3lame</Filter>
    </ClCompile>
    <ClCompile Include="..\..\src\thrids\libmp3lame\quantize_pvt.c">
      <Filter>thrids\libmp3lame</Filter>
    </ClCompile>
    <ClCompile Include="..\..\src\thrids\libmp3lame\reservoir.c">
      <Filter>thrids\libmp3lame</Filter>
    </ClCompile>
    <ClCompile Include="..\..\src\thrids\libmp3lame\set_get.c">
      <Filter>thrids\libmp3lame</Filter>
    </ClCompile>
    <ClCompile Include="..\..\src\thrids\libmp3lame\tables.c">
      <Filter>thrids\libmp3lame</Filter>
    </ClCompile>
    <ClCompile Include="..\..\src\thrids\libmp3lame\takehiro.c">
      <Filter>thrids\libmp3lame</Filter>
    </ClCompile>
    <ClCompile Include="..\..\src\thrids\libmp3lame\util.c">
      <Filter>thrids\libmp3lame</Filter>
    </ClCompile>
    <ClCompile Include="..\..\src\thrids\libmp3lame\vbrquantize.c">
      <Filter>thrids\libmp3lame</Filter>
    </ClCompile>
    <ClCompile Include="..\..\src\thrids\libmp3lame\VbrTag.c">
      <Filter>thrids\libmp3lame</Filter>
    </ClCompile>
    <ClCompile Include="..\..\src\thrids\libmp3lame\version.c">
      <Filter>thrids\libmp3lame</Filter>
    </ClCompile>
    <ClCompile Include="..\..\src\thrids\scutils\Mp3Recorder.cpp">
      <Filter>thrids\scutils</Filter>
    </ClCompile>
    <ClCompile Include="..\..\src\core\FX\TauEffect.cpp">
      <Filter>core\FX</Filter>
    </ClCompile>
    <ClCompile Include="..\..\src\core\FX\Autowah.cpp">
      <Filter>core\FX</Filter>
    </ClCompile>
    <ClCompile Include="..\..\src\core\FX\Chorus.cpp">
      <Filter>core\FX</Filter>
    </ClCompile>
    <ClCompile Include="..\..\src\core\FX\Compressor.cpp">
      <Filter>core\FX</Filter>
    </ClCompile>
    <ClCompile Include="..\..\src\core\FX\Delay.cpp">
      <Filter>core\FX</Filter>
    </ClCompile>
    <ClCompile Include="..\..\src\core\FX\Distortion.cpp">
      <Filter>core\FX</Filter>
    </ClCompile>
    <ClCompile Include="..\..\src\core\FX\Equalizer.cpp">
      <Filter>core\FX</Filter>
    </ClCompile>
    <ClCompile Include="..\..\src\core\FX\Tremolo.cpp">
      <Filter>core\FX</Filter>
    </ClCompile>
    <ClCompile Include="..\..\src\core\FX\Reverb.cpp">
      <Filter>core\FX</Filter>
    </ClCompile>
    <ClCompile Include="..\..\src\core\FX\SpectrumVisual.cpp">
      <Filter>core\FX</Filter>
    </ClCompile>
    <ClCompile Include="..\..\src\core\FX\PcmRecorder.cpp">
      <Filter>core\FX</Filter>
    </ClCompile>
    <ClCompile Include="..\..\src\thrids\dsignal\SpectrumVisual.cpp">
      <Filter>thrids\dsignal</Filter>
    </ClCompile>
    <ClCompile Include="..\..\src\core\Synth\Editor\MeiExporter.cpp">
      <Filter>core\Synth\Editor</Filter>
    </ClCompile>
    <ClCompile Include="..\..\src\thrids\sf3\sfont.cpp">
      <Filter>thrids\sf3</Filter>
    </ClCompile>
    <ClCompile Include="..\..\src\core\SoundFontFormat\SF3\SF3Parser.cpp">
      <Filter>core\SoundFontFormat\SF3</Filter>
    </ClCompile>
    <ClCompile Include="..\..\src\thrids\ogg_vorbis\libogg\bitwise.c">
      <Filter>thrids\ogg_vorbis\libogg</Filter>
    </ClCompile>
    <ClCompile Include="..\..\src\thrids\ogg_vorbis\libogg\framing.c">
      <Filter>thrids\ogg_vorbis\libogg</Filter>
    </ClCompile>
    <ClCompile Include="..\..\src\thrids\ogg_vorbis\libvorbis\analysis.c">
      <Filter>thrids\ogg_vorbis\libvorbis</Filter>
    </ClCompile>
    <ClCompile Include="..\..\src\thrids\ogg_vorbis\libvorbis\barkmel.c">
      <Filter>thrids\ogg_vorbis\libvorbis</Filter>
    </ClCompile>
    <ClCompile Include="..\..\src\thrids\ogg_vorbis\libvorbis\bitrate.c">
      <Filter>thrids\ogg_vorbis\libvorbis</Filter>
    </ClCompile>
    <ClCompile Include="..\..\src\thrids\ogg_vorbis\libvorbis\block.c">
      <Filter>thrids\ogg_vorbis\libvorbis</Filter>
    </ClCompile>
    <ClCompile Include="..\..\src\thrids\ogg_vorbis\libvorbis\codebook.c">
      <Filter>thrids\ogg_vorbis\libvorbis</Filter>
    </ClCompile>
    <ClCompile Include="..\..\src\thrids\ogg_vorbis\libvorbis\envelope.c">
      <Filter>thrids\ogg_vorbis\libvorbis</Filter>
    </ClCompile>
    <ClCompile Include="..\..\src\thrids\ogg_vorbis\libvorbis\floor0.c">
      <Filter>thrids\ogg_vorbis\libvorbis</Filter>
    </ClCompile>
    <ClCompile Include="..\..\src\thrids\ogg_vorbis\libvorbis\floor1.c">
      <Filter>thrids\ogg_vorbis\libvorbis</Filter>
    </ClCompile>
    <ClCompile Include="..\..\src\thrids\ogg_vorbis\libvorbis\info.c">
      <Filter>thrids\ogg_vorbis\libvorbis</Filter>
    </ClCompile>
    <ClCompile Include="..\..\src\thrids\ogg_vorbis\libvorbis\lookup.c">
      <Filter>thrids\ogg_vorbis\libvorbis</Filter>
    </ClCompile>
    <ClCompile Include="..\..\src\thrids\ogg_vorbis\libvorbis\lpc.c">
      <Filter>thrids\ogg_vorbis\libvorbis</Filter>
    </ClCompile>
    <ClCompile Include="..\..\src\thrids\ogg_vorbis\libvorbis\lsp.c">
      <Filter>thrids\ogg_vorbis\libvorbis</Filter>
    </ClCompile>
    <ClCompile Include="..\..\src\thrids\ogg_vorbis\libvorbis\mapping0.c">
      <Filter>thrids\ogg_vorbis\libvorbis</Filter>
    </ClCompile>
    <ClCompile Include="..\..\src\thrids\ogg_vorbis\libvorbis\mdct.c">
      <Filter>thrids\ogg_vorbis\libvorbis</Filter>
    </ClCompile>
    <ClCompile Include="..\..\src\thrids\ogg_vorbis\libvorbis\psy.c">
      <Filter>thrids\ogg_vorbis\libvorbis</Filter>
    </ClCompile>
    <ClCompile Include="..\..\src\thrids\ogg_vorbis\libvorbis\registry.c">
      <Filter>thrids\ogg_vorbis\libvorbis</Filter>
    </ClCompile>
    <ClCompile Include="..\..\src\thrids\ogg_vorbis\libvorbis\res0.c">
      <Filter>thrids\ogg_vorbis\libvorbis</Filter>
    </ClCompile>
    <ClCompile Include="..\..\src\thrids\ogg_vorbis\libvorbis\sharedbook.c">
      <Filter>thrids\ogg_vorbis\libvorbis</Filter>
    </ClCompile>
    <ClCompile Include="..\..\src\thrids\ogg_vorbis\libvorbis\smallft.c">
      <Filter>thrids\ogg_vorbis\libvorbis</Filter>
    </ClCompile>
    <ClCompile Include="..\..\src\thrids\ogg_vorbis\libvorbis\synthesis.c">
      <Filter>thrids\ogg_vorbis\libvorbis</Filter>
    </ClCompile>
    <ClCompile Include="..\..\src\thrids\ogg_vorbis\libvorbis\vorbisenc.c">
      <Filter>thrids\ogg_vorbis\libvorbis</Filter>
    </ClCompile>
    <ClCompile Include="..\..\src\thrids\ogg_vorbis\libvorbis\vorbisfile.c">
      <Filter>thrids\ogg_vorbis\libvorbis</Filter>
    </ClCompile>
    <ClCompile Include="..\..\src\thrids\ogg_vorbis\libvorbis\window.c">
      <Filter>thrids\ogg_vorbis\libvorbis</Filter>
    </ClCompile>
  </ItemGroup>
  <ItemGroup>
    <ClInclude Include="..\..\src\core\Synth\Envelope.h">
      <Filter>core\Synth</Filter>
    </ClInclude>
    <ClInclude Include="..\..\src\core\Synth\Generator.h">
      <Filter>core\Synth</Filter>
    </ClInclude>
    <ClInclude Include="..\..\src\core\Synth\Instrument.h">
      <Filter>core\Synth</Filter>
    </ClInclude>
    <ClInclude Include="..\..\src\core\Synth\KeySounder.h">
      <Filter>core\Synth</Filter>
    </ClInclude>
    <ClInclude Include="..\..\src\core\Synth\Lfo.h">
      <Filter>core\Synth</Filter>
    </ClInclude>
    <ClInclude Include="..\..\src\core\Synth\Modulator.h">
      <Filter>core\Synth</Filter>
    </ClInclude>
    <ClInclude Include="..\..\src\core\Synth\Preset.h">
      <Filter>core\Synth</Filter>
    </ClInclude>
    <ClInclude Include="..\..\src\core\Synth\Zone.h">
      <Filter>core\Synth</Filter>
    </ClInclude>
    <ClInclude Include="..\..\src\core\Synth\ZoneSounder.h">
      <Filter>core\Synth</Filter>
    </ClInclude>
    <ClInclude Include="..\..\src\core\Synth\Sample.h">
      <Filter>core\Synth</Filter>
    </ClInclude>
    <ClInclude Include="..\..\src\core\Synth\SoundFontParser.h">
      <Filter>core\Synth</Filter>
    </ClInclude>
    <ClInclude Include="..\..\src\core\Synth\UnitTransform.h">
      <Filter>core\Synth</Filter>
    </ClInclude>
    <ClInclude Include="..\..\src\core\Midi\MidiEvent.h">
      <Filter>core\Midi</Filter>
    </ClInclude>
    <ClInclude Include="..\..\src\core\Midi\MidiFile.h">
      <Filter>core\Midi</Filter>
    </ClInclude>
    <ClInclude Include="..\..\src\core\Midi\MidiTrack.h">
      <Filter>core\Midi</Filter>
    </ClInclude>
    <ClInclude Include="..\..\src\core\Midi\MidiTypes.h">
      <Filter>core\Midi</Filter>
    </ClInclude>
    <ClInclude Include="..\..\src\thrids\scutils\ByteStream.h">
      <Filter>thrids\scutils</Filter>
    </ClInclude>
    <ClInclude Include="..\..\src\thrids\scutils\MathUtils.h">
      <Filter>thrids\scutils</Filter>
    </ClInclude>
    <ClInclude Include="..\..\src\thrids\scutils\ObjectPool.h">
      <Filter>thrids\scutils</Filter>
    </ClInclude>
    <ClInclude Include="..\..\src\thrids\scutils\Semaphore.h">
      <Filter>thrids\scutils</Filter>
    </ClInclude>
    <ClInclude Include="..\..\src\thrids\scutils\UniqueID.h">
      <Filter>thrids\scutils</Filter>
    </ClInclude>
    <ClInclude Include="..\..\src\thrids\scutils\Utils.h">
      <Filter>thrids\scutils</Filter>
    </ClInclude>
    <ClInclude Include="..\..\src\thrids\scutils\Vec2.h">
      <Filter>thrids\scutils</Filter>
    </ClInclude>
    <ClInclude Include="..\..\src\thrids\tinyxml2\tinyxml2.h">
      <Filter>thrids\tinyxml2</Filter>
    </ClInclude>
    <ClInclude Include="..\..\src\core\Synth\InsideModulators.h">
      <Filter>core\Synth</Filter>
    </ClInclude>
    <ClInclude Include="..\..\src\core\SoundFontFormat\SF2\SF2.h">
      <Filter>core\SoundFontFormat\SF2</Filter>
    </ClInclude>
    <ClInclude Include="..\..\src\core\SoundFontFormat\SF2\SF2Chunks.h">
      <Filter>core\SoundFontFormat\SF2</Filter>
    </ClInclude>
    <ClInclude Include="..\..\src\core\SoundFontFormat\SF2\SF2Parser.h">
      <Filter>core\SoundFontFormat\SF2</Filter>
    </ClInclude>
    <ClInclude Include="..\..\src\core\SoundFontFormat\SF2\SF2Structs.h">
      <Filter>core\SoundFontFormat\SF2</Filter>
    </ClInclude>
    <ClInclude Include="..\..\src\core\SoundFontFormat\SF2\SF2Types.h">
      <Filter>core\SoundFontFormat\SF2</Filter>
    </ClInclude>
    <ClInclude Include="..\..\src\core\Synth\ZoneSounderThread.h">
      <Filter>core\Synth</Filter>
    </ClInclude>
    <ClInclude Include="..\..\src\thrids\task\TaskProcesser.h">
      <Filter>thrids\task</Filter>
    </ClInclude>
    <ClInclude Include="..\..\src\thrids\task\Task.h">
      <Filter>thrids\task</Filter>
    </ClInclude>
    <ClInclude Include="..\..\src\thrids\task\TaskTypes.h">
      <Filter>thrids\task</Filter>
    </ClInclude>
    <ClInclude Include="..\..\src\thrids\task\TaskQueue.h">
      <Filter>thrids\task</Filter>
    </ClInclude>
    <ClInclude Include="..\..\src\thrids\task\TaskTimer.h">
      <Filter>thrids\task</Filter>
    </ClInclude>
    <ClInclude Include="..\..\src\core\Audio\Audio.h">
      <Filter>core\Audio</Filter>
    </ClInclude>
    <ClInclude Include="..\..\src\thrids\scutils\RingBuffer.h">
      <Filter>thrids\scutils</Filter>
    </ClInclude>
    <ClInclude Include="..\..\src\core\Audio\AudioOboe\Audio_oboe.h">
      <Filter>core\Audio\AudioOboe</Filter>
    </ClInclude>
    <ClInclude Include="..\..\src\thrids\dsignal\Dsignal.h">
      <Filter>thrids\dsignal</Filter>
    </ClInclude>
    <ClInclude Include="..\..\src\thrids\dsignal\Filter.h">
      <Filter>thrids\dsignal</Filter>
    </ClInclude>
    <ClInclude Include="..\..\src\thrids\dsignal\Bode.h">
      <Filter>thrids\dsignal</Filter>
    </ClInclude>
    <ClInclude Include="..\..\src\thrids\dsignal\ParameterEqualizer.h">
      <Filter>thrids\dsignal</Filter>
    </ClInclude>
    <ClInclude Include="..\..\src\thrids\dsignal\GraphEqualizer.h">
      <Filter>thrids\dsignal</Filter>
    </ClInclude>
    <ClInclude Include="..\..\src\thrids\dsignal\CascadeBiquad.h">
      <Filter>thrids\dsignal</Filter>
    </ClInclude>
    <ClInclude Include="..\..\src\thrids\scutils\SingletonDefine.h">
      <Filter>thrids\scutils</Filter>
    </ClInclude>
    <ClInclude Include="..\..\src\core\Audio\AudioPa\Audio_pa.h">
      <Filter>core\Audio\AudioPa</Filter>
    </ClInclude>
    <ClInclude Include="..\..\src\core\Audio\AudioSDL\Audio_SDL.h">
      <Filter>core\Audio\AudioSDL</Filter>
    </ClInclude>
    <ClInclude Include="..\..\src\core\Synth\SyntherEvent.h">
      <Filter>core\Synth</Filter>
    </ClInclude>
    <ClInclude Include="..\..\src\core\Synth\Tau.h">
      <Filter>core\Synth</Filter>
    </ClInclude>
    <ClInclude Include="..\..\src\core\Synth\TauPool.h">
      <Filter>core\Synth</Filter>
    </ClInclude>
    <ClInclude Include="..\..\src\core\Synth\TauTypes.h">
      <Filter>core\Synth</Filter>
    </ClInclude>
    <ClInclude Include="..\..\src\core\Audio\AudioRt\Audio_Rt.h">
      <Filter>core\Audio\AudioRt</Filter>
    </ClInclude>
    <ClInclude Include="..\..\src\core\Synth\SoundFont.h">
      <Filter>core\Synth</Filter>
    </ClInclude>
    <ClInclude Include="..\..\src\thrids\DaisySP\Control\adenv.h">
      <Filter>thrids\DaisySP\Control</Filter>
    </ClInclude>
    <ClInclude Include="..\..\src\thrids\DaisySP\Control\adsr.h">
      <Filter>thrids\DaisySP\Control</Filter>
    </ClInclude>
    <ClInclude Include="..\..\src\thrids\DaisySP\Control\line.h">
      <Filter>thrids\DaisySP\Control</Filter>
    </ClInclude>
    <ClInclude Include="..\..\src\thrids\DaisySP\Control\phasor.h">
      <Filter>thrids\DaisySP\Control</Filter>
    </ClInclude>
    <ClInclude Include="..\..\src\thrids\DaisySP\Drums\analogbassdrum.h">
      <Filter>thrids\DaisySP\Drums</Filter>
    </ClInclude>
    <ClInclude Include="..\..\src\thrids\DaisySP\Drums\analogsnaredrum.h">
      <Filter>thrids\DaisySP\Drums</Filter>
    </ClInclude>
    <ClInclude Include="..\..\src\thrids\DaisySP\Drums\hihat.h">
      <Filter>thrids\DaisySP\Drums</Filter>
    </ClInclude>
    <ClInclude Include="..\..\src\thrids\DaisySP\Drums\synthbassdrum.h">
      <Filter>thrids\DaisySP\Drums</Filter>
    </ClInclude>
    <ClInclude Include="..\..\src\thrids\DaisySP\Drums\synthsnaredrum.h">
      <Filter>thrids\DaisySP\Drums</Filter>
    </ClInclude>
    <ClInclude Include="..\..\src\thrids\DaisySP\Dynamics\balance.h">
      <Filter>thrids\DaisySP\Dynamics</Filter>
    </ClInclude>
    <ClInclude Include="..\..\src\thrids\DaisySP\Dynamics\compressor.h">
      <Filter>thrids\DaisySP\Dynamics</Filter>
    </ClInclude>
    <ClInclude Include="..\..\src\thrids\DaisySP\Dynamics\crossfade.h">
      <Filter>thrids\DaisySP\Dynamics</Filter>
    </ClInclude>
    <ClInclude Include="..\..\src\thrids\DaisySP\Dynamics\limiter.h">
      <Filter>thrids\DaisySP\Dynamics</Filter>
    </ClInclude>
    <ClInclude Include="..\..\src\thrids\DaisySP\Effects\autowah.h">
      <Filter>thrids\DaisySP\Effects</Filter>
    </ClInclude>
    <ClInclude Include="..\..\src\thrids\DaisySP\Effects\bitcrush.h">
      <Filter>thrids\DaisySP\Effects</Filter>
    </ClInclude>
    <ClInclude Include="..\..\src\thrids\DaisySP\Effects\chorus.h">
      <Filter>thrids\DaisySP\Effects</Filter>
    </ClInclude>
    <ClInclude Include="..\..\src\thrids\DaisySP\Effects\decimator.h">
      <Filter>thrids\DaisySP\Effects</Filter>
    </ClInclude>
    <ClInclude Include="..\..\src\thrids\DaisySP\Effects\flanger.h">
      <Filter>thrids\DaisySP\Effects</Filter>
    </ClInclude>
    <ClInclude Include="..\..\src\thrids\DaisySP\Effects\fold.h">
      <Filter>thrids\DaisySP\Effects</Filter>
    </ClInclude>
    <ClInclude Include="..\..\src\thrids\DaisySP\Effects\overdrive.h">
      <Filter>thrids\DaisySP\Effects</Filter>
    </ClInclude>
    <ClInclude Include="..\..\src\thrids\DaisySP\Effects\phaser.h">
      <Filter>thrids\DaisySP\Effects</Filter>
    </ClInclude>
    <ClInclude Include="..\..\src\thrids\DaisySP\Effects\pitchshifter.h">
      <Filter>thrids\DaisySP\Effects</Filter>
    </ClInclude>
    <ClInclude Include="..\..\src\thrids\DaisySP\Effects\reverbsc.h">
      <Filter>thrids\DaisySP\Effects</Filter>
    </ClInclude>
    <ClInclude Include="..\..\src\thrids\DaisySP\Effects\sampleratereducer.h">
      <Filter>thrids\DaisySP\Effects</Filter>
    </ClInclude>
    <ClInclude Include="..\..\src\thrids\DaisySP\Effects\tremolo.h">
      <Filter>thrids\DaisySP\Effects</Filter>
    </ClInclude>
    <ClInclude Include="..\..\src\thrids\DaisySP\Filters\allpass.h">
      <Filter>thrids\DaisySP\Filters</Filter>
    </ClInclude>
    <ClInclude Include="..\..\src\thrids\DaisySP\Filters\atone.h">
      <Filter>thrids\DaisySP\Filters</Filter>
    </ClInclude>
    <ClInclude Include="..\..\src\thrids\DaisySP\Filters\comb.h">
      <Filter>thrids\DaisySP\Filters</Filter>
    </ClInclude>
    <ClInclude Include="..\..\src\thrids\DaisySP\Filters\fir.h">
      <Filter>thrids\DaisySP\Filters</Filter>
    </ClInclude>
    <ClInclude Include="..\..\src\thrids\DaisySP\Filters\mode.h">
      <Filter>thrids\DaisySP\Filters</Filter>
    </ClInclude>
    <ClInclude Include="..\..\src\thrids\DaisySP\Filters\moogladder.h">
      <Filter>thrids\DaisySP\Filters</Filter>
    </ClInclude>
    <ClInclude Include="..\..\src\thrids\DaisySP\Filters\nlfilt.h">
      <Filter>thrids\DaisySP\Filters</Filter>
    </ClInclude>
    <ClInclude Include="..\..\src\thrids\DaisySP\Filters\svf.h">
      <Filter>thrids\DaisySP\Filters</Filter>
    </ClInclude>
    <ClInclude Include="..\..\src\thrids\DaisySP\Filters\tone.h">
      <Filter>thrids\DaisySP\Filters</Filter>
    </ClInclude>
    <ClInclude Include="..\..\src\thrids\DaisySP\Noise\clockednoise.h">
      <Filter>thrids\DaisySP\Noise</Filter>
    </ClInclude>
    <ClInclude Include="..\..\src\thrids\DaisySP\Noise\dust.h">
      <Filter>thrids\DaisySP\Noise</Filter>
    </ClInclude>
    <ClInclude Include="..\..\src\thrids\DaisySP\Noise\fractal_noise.h">
      <Filter>thrids\DaisySP\Noise</Filter>
    </ClInclude>
    <ClInclude Include="..\..\src\thrids\DaisySP\Noise\grainlet.h">
      <Filter>thrids\DaisySP\Noise</Filter>
    </ClInclude>
    <ClInclude Include="..\..\src\thrids\DaisySP\Noise\particle.h">
      <Filter>thrids\DaisySP\Noise</Filter>
    </ClInclude>
    <ClInclude Include="..\..\src\thrids\DaisySP\Noise\whitenoise.h">
      <Filter>thrids\DaisySP\Noise</Filter>
    </ClInclude>
    <ClInclude Include="..\..\src\thrids\DaisySP\PhysicalModeling\drip.h">
      <Filter>thrids\DaisySP\PhysicalModeling</Filter>
    </ClInclude>
    <ClInclude Include="..\..\src\thrids\DaisySP\PhysicalModeling\KarplusString.h">
      <Filter>thrids\DaisySP\PhysicalModeling</Filter>
    </ClInclude>
    <ClInclude Include="..\..\src\thrids\DaisySP\PhysicalModeling\modalvoice.h">
      <Filter>thrids\DaisySP\PhysicalModeling</Filter>
    </ClInclude>
    <ClInclude Include="..\..\src\thrids\DaisySP\PhysicalModeling\pluck.h">
      <Filter>thrids\DaisySP\PhysicalModeling</Filter>
    </ClInclude>
    <ClInclude Include="..\..\src\thrids\DaisySP\PhysicalModeling\PolyPluck.h">
      <Filter>thrids\DaisySP\PhysicalModeling</Filter>
    </ClInclude>
    <ClInclude Include="..\..\src\thrids\DaisySP\PhysicalModeling\resonator.h">
      <Filter>thrids\DaisySP\PhysicalModeling</Filter>
    </ClInclude>
    <ClInclude Include="..\..\src\thrids\DaisySP\PhysicalModeling\stringvoice.h">
      <Filter>thrids\DaisySP\PhysicalModeling</Filter>
    </ClInclude>
    <ClInclude Include="..\..\src\thrids\DaisySP\Synthesis\blosc.h">
      <Filter>thrids\DaisySP\Synthesis</Filter>
    </ClInclude>
    <ClInclude Include="..\..\src\thrids\DaisySP\Synthesis\fm2.h">
      <Filter>thrids\DaisySP\Synthesis</Filter>
    </ClInclude>
    <ClInclude Include="..\..\src\thrids\DaisySP\Synthesis\formantosc.h">
      <Filter>thrids\DaisySP\Synthesis</Filter>
    </ClInclude>
    <ClInclude Include="..\..\src\thrids\DaisySP\Synthesis\harmonic_osc.h">
      <Filter>thrids\DaisySP\Synthesis</Filter>
    </ClInclude>
    <ClInclude Include="..\..\src\thrids\DaisySP\Synthesis\oscillator.h">
      <Filter>thrids\DaisySP\Synthesis</Filter>
    </ClInclude>
    <ClInclude Include="..\..\src\thrids\DaisySP\Synthesis\oscillatorbank.h">
      <Filter>thrids\DaisySP\Synthesis</Filter>
    </ClInclude>
    <ClInclude Include="..\..\src\thrids\DaisySP\Synthesis\variablesawosc.h">
      <Filter>thrids\DaisySP\Synthesis</Filter>
    </ClInclude>
    <ClInclude Include="..\..\src\thrids\DaisySP\Synthesis\variableshapeosc.h">
      <Filter>thrids\DaisySP\Synthesis</Filter>
    </ClInclude>
    <ClInclude Include="..\..\src\thrids\DaisySP\Synthesis\vosim.h">
      <Filter>thrids\DaisySP\Synthesis</Filter>
    </ClInclude>
    <ClInclude Include="..\..\src\thrids\DaisySP\Synthesis\zoscillator.h">
      <Filter>thrids\DaisySP\Synthesis</Filter>
    </ClInclude>
    <ClInclude Include="..\..\src\thrids\DaisySP\Utility\dcblock.h">
      <Filter>thrids\DaisySP\Utility</Filter>
    </ClInclude>
    <ClInclude Include="..\..\src\thrids\DaisySP\Utility\delayline.h">
      <Filter>thrids\DaisySP\Utility</Filter>
    </ClInclude>
    <ClInclude Include="..\..\src\thrids\DaisySP\Utility\dsp.h">
      <Filter>thrids\DaisySP\Utility</Filter>
    </ClInclude>
    <ClInclude Include="..\..\src\thrids\DaisySP\Utility\jitter.h">
      <Filter>thrids\DaisySP\Utility</Filter>
    </ClInclude>
    <ClInclude Include="..\..\src\thrids\DaisySP\Utility\maytrig.h">
      <Filter>thrids\DaisySP\Utility</Filter>
    </ClInclude>
    <ClInclude Include="..\..\src\thrids\DaisySP\Utility\metro.h">
      <Filter>thrids\DaisySP\Utility</Filter>
    </ClInclude>
    <ClInclude Include="..\..\src\thrids\DaisySP\Utility\port.h">
      <Filter>thrids\DaisySP\Utility</Filter>
    </ClInclude>
    <ClInclude Include="..\..\src\thrids\DaisySP\Utility\samplehold.h">
      <Filter>thrids\DaisySP\Utility</Filter>
    </ClInclude>
    <ClInclude Include="..\..\src\thrids\DaisySP\Utility\smooth_random.h">
      <Filter>thrids\DaisySP\Utility</Filter>
    </ClInclude>
    <ClInclude Include="..\..\src\thrids\DaisySP\daisysp.h">
      <Filter>thrids\DaisySP</Filter>
    </ClInclude>
    <ClInclude Include="..\..\src\thrids\stk\Delay.h">
      <Filter>thrids\stk</Filter>
    </ClInclude>
    <ClInclude Include="..\..\src\thrids\stk\DelayL.h">
      <Filter>thrids\stk</Filter>
    </ClInclude>
    <ClInclude Include="..\..\src\thrids\stk\Effect.h">
      <Filter>thrids\stk</Filter>
    </ClInclude>
    <ClInclude Include="..\..\src\thrids\stk\Filter.h">
      <Filter>thrids\stk</Filter>
    </ClInclude>
    <ClInclude Include="..\..\src\thrids\stk\FreeVerb.h">
      <Filter>thrids\stk</Filter>
    </ClInclude>
    <ClInclude Include="..\..\src\thrids\stk\Generator.h">
      <Filter>thrids\stk</Filter>
    </ClInclude>
    <ClInclude Include="..\..\src\thrids\stk\Iir.h">
      <Filter>thrids\stk</Filter>
    </ClInclude>
    <ClInclude Include="..\..\src\thrids\stk\OnePole.h">
      <Filter>thrids\stk</Filter>
    </ClInclude>
    <ClInclude Include="..\..\src\thrids\stk\SineWave.h">
      <Filter>thrids\stk</Filter>
    </ClInclude>
    <ClInclude Include="..\..\src\thrids\stk\Stk.h">
      <Filter>thrids\stk</Filter>
    </ClInclude>
    <ClInclude Include="..\..\src\thrids\DaisySP\Filters\biquad.h">
      <Filter>thrids\DaisySP\Filters</Filter>
    </ClInclude>
    <ClInclude Include="..\..\src\thrids\dsignal\Compressor.h">
      <Filter>thrids\dsignal</Filter>
    </ClInclude>
    <ClInclude Include="..\..\src\thrids\dsignal\Biquad.h">
      <Filter>thrids\dsignal</Filter>
    </ClInclude>
    <ClInclude Include="..\..\src\thrids\iir\Biquad.h">
      <Filter>thrids\iir</Filter>
    </ClInclude>
    <ClInclude Include="..\..\src\thrids\iir\Butterworth.h">
      <Filter>thrids\iir</Filter>
    </ClInclude>
    <ClInclude Include="..\..\src\thrids\iir\Cascade.h">
      <Filter>thrids\iir</Filter>
    </ClInclude>
    <ClInclude Include="..\..\src\thrids\iir\ChebyshevI.h">
      <Filter>thrids\iir</Filter>
    </ClInclude>
    <ClInclude Include="..\..\src\thrids\iir\ChebyshevII.h">
      <Filter>thrids\iir</Filter>
    </ClInclude>
    <ClInclude Include="..\..\src\thrids\iir\Common.h">
      <Filter>thrids\iir</Filter>
    </ClInclude>
    <ClInclude Include="..\..\src\thrids\iir\Custom.h">
      <Filter>thrids\iir</Filter>
    </ClInclude>
    <ClInclude Include="..\..\src\thrids\iir\Iir1.h">
      <Filter>thrids\iir</Filter>
    </ClInclude>
    <ClInclude Include="..\..\src\thrids\iir\Layout.h">
      <Filter>thrids\iir</Filter>
    </ClInclude>
    <ClInclude Include="..\..\src\thrids\iir\MathSupplement.h">
      <Filter>thrids\iir</Filter>
    </ClInclude>
    <ClInclude Include="..\..\src\thrids\iir\PoleFilter.h">
      <Filter>thrids\iir</Filter>
    </ClInclude>
    <ClInclude Include="..\..\src\thrids\iir\RBJ.h">
      <Filter>thrids\iir</Filter>
    </ClInclude>
    <ClInclude Include="..\..\src\thrids\iir\State.h">
      <Filter>thrids\iir</Filter>
    </ClInclude>
    <ClInclude Include="..\..\src\thrids\iir\Types.h">
      <Filter>thrids\iir</Filter>
    </ClInclude>
    <ClInclude Include="..\..\src\core\FX\EffectList.h">
      <Filter>core\FX</Filter>
    </ClInclude>
    <ClInclude Include="..\..\src\core\FX\EffectTask.h">
      <Filter>core\FX</Filter>
    </ClInclude>
    <ClInclude Include="..\..\src\core\FX\TauEffect.h">
      <Filter>core\FX</Filter>
    </ClInclude>
    <ClInclude Include="..\..\src\thrids\stk\Chorus.h">
      <Filter>thrids\stk</Filter>
    </ClInclude>
    <ClInclude Include="..\..\src\thrids\dsignal\Distortion.h">
      <Filter>thrids\dsignal</Filter>
    </ClInclude>
    <ClInclude Include="..\..\src\thrids\dsignal\FilterTest.h">
      <Filter>thrids\dsignal</Filter>
    </ClInclude>
    <ClInclude Include="..\..\src\thrids\dsignal\MorphLBHFilter.h">
      <Filter>thrids\dsignal</Filter>
    </ClInclude>
    <ClInclude Include="..\..\src\thrids\dsignal\DsignalTypes.h">
      <Filter>thrids\dsignal</Filter>
    </ClInclude>
    <ClInclude Include="..\..\src\core\Synth\Channel.h">
      <Filter>core\Synth</Filter>
    </ClInclude>
    <ClInclude Include="..\..\src\core\Synth\VirInstrument.h">
      <Filter>core\Synth</Filter>
    </ClInclude>
    <ClInclude Include="..\..\src\core\Synth\MidiTrackRecord.h">
      <Filter>core\Synth</Filter>
    </ClInclude>
    <ClInclude Include="..\..\src\core\Synth\Editor\Editor.h">
      <Filter>core\Synth\Editor</Filter>
    </ClInclude>
    <ClInclude Include="..\..\src\core\Synth\Editor\InstFragment.h">
      <Filter>core\Synth\Editor</Filter>
    </ClInclude>
    <ClInclude Include="..\..\src\core\Synth\Editor\MidiEditor.h">
      <Filter>core\Synth\Editor</Filter>
    </ClInclude>
    <ClInclude Include="..\..\src\core\Synth\Editor\MidiMarker.h">
      <Filter>core\Synth\Editor</Filter>
    </ClInclude>
    <ClInclude Include="..\..\src\core\Synth\Editor\MidiMarkerList.h">
      <Filter>core\Synth\Editor</Filter>
    </ClInclude>
    <ClInclude Include="..\..\src\core\Synth\Editor\Tempo.h">
      <Filter>core\Synth\Editor</Filter>
    </ClInclude>
    <ClInclude Include="..\..\src\core\Synth\Editor\Track.h">
      <Filter>core\Synth\Editor</Filter>
    </ClInclude>
    <ClInclude Include="..\..\src\core\Synth\Editor\EditorTypes.h">
      <Filter>core\Synth\Editor</Filter>
    </ClInclude>
    <ClInclude Include="..\..\src\core\Synth\Synther\Synther.h">
      <Filter>core\Synth\Synther</Filter>
    </ClInclude>
    <ClInclude Include="..\..\src\thrids\scutils\LinkedList.h">
      <Filter>thrids\scutils</Filter>
    </ClInclude>
    <ClInclude Include="..\..\src\thrids\task\SortTaskQueue.h">
      <Filter>thrids\task</Filter>
    </ClInclude>
    <ClInclude Include="..\..\src\thrids\scutils\LinkedListNode.h">
      <Filter>thrids\scutils</Filter>
    </ClInclude>
    <ClInclude Include="..\..\src\thrids\task\TaskObjectPool.h">
      <Filter>thrids\task</Filter>
    </ClInclude>
    <ClInclude Include="..\..\src\thrids\task\MsgProcesser.h">
      <Filter>thrids\task</Filter>
    </ClInclude>
    <ClInclude Include="..\..\src\thrids\task\TimerWheel.h">
      <Filter>thrids\task</Filter>
    </ClInclude>
    <ClInclude Include="..\..\src\thrids\task\WheelSlot.h">
      <Filter>thrids\task</Filter>
    </ClInclude>
    <ClInclude Include="..\..\src\core\FX\FxTypes.h">
      <Filter>core\FX</Filter>
    </ClInclude>
    <ClInclude Include="..\..\src\thrids\kissfft\_kiss_fft_guts.h">
      <Filter>thrids\kissfft</Filter>
    </ClInclude>
    <ClInclude Include="..\..\src\thrids\kissfft\kiss_fft.h">
      <Filter>thrids\kissfft</Filter>
    </ClInclude>
    <ClInclude Include="..\..\src\thrids\kissfft\kiss_fftr.h">
      <Filter>thrids\kissfft</Filter>
    </ClInclude>
    <ClInclude Include="..\..\src\thrids\DaisySP\Utility\looper.h">
      <Filter>thrids\DaisySP\Utility</Filter>
    </ClInclude>
    <ClInclude Include="..\..\src\thrids\scutils\ArrayPool.h">
      <Filter>thrids\scutils</Filter>
    </ClInclude>
    <ClInclude Include="..\..\src\thrids\OteyPiano\DWG.h">
      <Filter>thrids\OteyPiano</Filter>
    </ClInclude>
    <ClInclude Include="..\..\src\thrids\OteyPiano\dwgs.h">
      <Filter>thrids\OteyPiano</Filter>
    </ClInclude>
    <ClInclude Include="..\..\src\thrids\OteyPiano\filter.h">
      <Filter>thrids\OteyPiano</Filter>
    </ClInclude>
    <ClInclude Include="..\..\src\thrids\OteyPiano\hammer.h">
      <Filter>thrids\OteyPiano</Filter>
    </ClInclude>
    <ClInclude Include="..\..\src\thrids\OteyPiano\reverb.h">
      <Filter>thrids\OteyPiano</Filter>
    </ClInclude>
    <ClInclude Include="..\..\src\thrids\OteyPiano\PianoParams.h">
      <Filter>thrids\OteyPiano</Filter>
    </ClInclude>
    <ClInclude Include="..\..\src\thrids\OteyPiano\Piano.h">
      <Filter>thrids\OteyPiano</Filter>
    </ClInclude>
    <ClInclude Include="..\..\src\core\Synth\SampleGenerator.h">
      <Filter>core\Synth</Filter>
    </ClInclude>
    <ClInclude Include="..\..\src\core\Synth\PhysicsPiano.h">
      <Filter>core\Synth</Filter>
    </ClInclude>
    <ClInclude Include="..\..\src\core\Synth\Editor\MeasureInfo.h">
      <Filter>core\Synth\Editor</Filter>
    </ClInclude>
    <ClInclude Include="..\..\src\thrids\scutils\CodeConvert.h">
      <Filter>thrids\scutils</Filter>
    </ClInclude>
    <ClInclude Include="..\..\src\thrids\scutils\rlcg.h">
      <Filter>thrids\scutils</Filter>
    </ClInclude>
    <ClInclude Include="..\..\src\thrids\wav\WavHeader.hpp">
      <Filter>thrids\wav</Filter>
    </ClInclude>
    <ClInclude Include="..\..\src\thrids\wav\WavReader.hpp">
      <Filter>thrids\wav</Filter>
    </ClInclude>
    <ClInclude Include="..\..\src\thrids\wav\WavWriter.hpp">
      <Filter>thrids\wav</Filter>
    </ClInclude>
    <ClInclude Include="..\..\src\thrids\libmp3lame\bitstream.h">
      <Filter>thrids\libmp3lame</Filter>
    </ClInclude>
    <ClInclude Include="..\..\src\thrids\libmp3lame\encoder.h">
      <Filter>thrids\libmp3lame</Filter>
    </ClInclude>
    <ClInclude Include="..\..\src\thrids\libmp3lame\fft.h">
      <Filter>thrids\libmp3lame</Filter>
    </ClInclude>
    <ClInclude Include="..\..\src\thrids\libmp3lame\gain_analysis.h">
      <Filter>thrids\libmp3lame</Filter>
    </ClInclude>
    <ClInclude Include="..\..\src\thrids\libmp3lame\id3tag.h">
      <Filter>thrids\libmp3lame</Filter>
    </ClInclude>
    <ClInclude Include="..\..\src\thrids\libmp3lame\l3side.h">
      <Filter>thrids\libmp3lame</Filter>
    </ClInclude>
    <ClInclude Include="..\..\src\thrids\libmp3lame\lame.h">
      <Filter>thrids\libmp3lame</Filter>
    </ClInclude>
    <ClInclude Include="..\..\src\thrids\libmp3lame\lame_global_flags.h">
      <Filter>thrids\libmp3lame</Filter>
    </ClInclude>
    <ClInclude Include="..\..\src\thrids\libmp3lame\lame-analysis.h">
      <Filter>thrids\libmp3lame</Filter>
    </ClInclude>
    <ClInclude Include="..\..\src\thrids\libmp3lame\lameerror.h">
      <Filter>thrids\libmp3lame</Filter>
    </ClInclude>
    <ClInclude Include="..\..\src\thrids\libmp3lame\machine.h">
      <Filter>thrids\libmp3lame</Filter>
    </ClInclude>
    <ClInclude Include="..\..\src\thrids\libmp3lame\newmdct.h">
      <Filter>thrids\libmp3lame</Filter>
    </ClInclude>
    <ClInclude Include="..\..\src\thrids\libmp3lame\psymodel.h">
      <Filter>thrids\libmp3lame</Filter>
    </ClInclude>
    <ClInclude Include="..\..\src\thrids\libmp3lame\quantize.h">
      <Filter>thrids\libmp3lame</Filter>
    </ClInclude>
    <ClInclude Include="..\..\src\thrids\libmp3lame\quantize_pvt.h">
      <Filter>thrids\libmp3lame</Filter>
    </ClInclude>
    <ClInclude Include="..\..\src\thrids\libmp3lame\reservoir.h">
      <Filter>thrids\libmp3lame</Filter>
    </ClInclude>
    <ClInclude Include="..\..\src\thrids\libmp3lame\set_get.h">
      <Filter>thrids\libmp3lame</Filter>
    </ClInclude>
    <ClInclude Include="..\..\src\thrids\libmp3lame\tables.h">
      <Filter>thrids\libmp3lame</Filter>
    </ClInclude>
    <ClInclude Include="..\..\src\thrids\libmp3lame\util.h">
      <Filter>thrids\libmp3lame</Filter>
    </ClInclude>
    <ClInclude Include="..\..\src\thrids\libmp3lame\vbrquantize.h">
      <Filter>thrids\libmp3lame</Filter>
    </ClInclude>
    <ClInclude Include="..\..\src\thrids\libmp3lame\VbrTag.h">
      <Filter>thrids\libmp3lame</Filter>
    </ClInclude>
    <ClInclude Include="..\..\src\thrids\libmp3lame\version.h">
      <Filter>thrids\libmp3lame</Filter>
    </ClInclude>
    <ClInclude Include="..\..\src\thrids\scutils\Mp3Recorder.h">
      <Filter>thrids\scutils</Filter>
    </ClInclude>
    <ClInclude Include="..\..\src\core\FX\Autowah.h">
      <Filter>core\FX</Filter>
    </ClInclude>
    <ClInclude Include="..\..\src\core\FX\Chorus.h">
      <Filter>core\FX</Filter>
    </ClInclude>
    <ClInclude Include="..\..\src\core\FX\Compressor.h">
      <Filter>core\FX</Filter>
    </ClInclude>
    <ClInclude Include="..\..\src\core\FX\Delay.h">
      <Filter>core\FX</Filter>
    </ClInclude>
    <ClInclude Include="..\..\src\core\FX\Distortion.h">
      <Filter>core\FX</Filter>
    </ClInclude>
    <ClInclude Include="..\..\src\core\FX\Equalizer.h">
      <Filter>core\FX</Filter>
    </ClInclude>
    <ClInclude Include="..\..\src\core\FX\Tremolo.h">
      <Filter>core\FX</Filter>
    </ClInclude>
    <ClInclude Include="..\..\src\core\FX\Reverb.h">
      <Filter>core\FX</Filter>
    </ClInclude>
    <ClInclude Include="..\..\src\core\FX\SpectrumVisual.h">
      <Filter>core\FX</Filter>
    </ClInclude>
    <ClInclude Include="..\..\src\core\FX\PcmRecorder.h">
      <Filter>core\FX</Filter>
    </ClInclude>
    <ClInclude Include="..\..\src\thrids\dsignal\SpectrumVisual.h">
      <Filter>thrids\dsignal</Filter>
    </ClInclude>
    <ClInclude Include="..\..\src\core\Synth\Editor\MeiExporter.h">
      <Filter>core\Synth\Editor</Filter>
    </ClInclude>
    <ClInclude Include="..\..\src\thrids\sf3\sfont.h">
      <Filter>thrids\sf3</Filter>
    </ClInclude>
    <ClInclude Include="..\..\src\core\SoundFontFormat\SF3\SF3Parser.h">
      <Filter>core\SoundFontFormat\SF3</Filter>
    </ClInclude>
    <ClInclude Include="..\..\src\thrids\ogg_vorbis\include\ogg\config_types.h">
      <Filter>thrids\ogg_vorbis\include\ogg</Filter>
    </ClInclude>
    <ClInclude Include="..\..\src\thrids\ogg_vorbis\include\ogg\ogg.h">
      <Filter>thrids\ogg_vorbis\include\ogg</Filter>
    </ClInclude>
    <ClInclude Include="..\..\src\thrids\ogg_vorbis\include\ogg\os_types.h">
      <Filter>thrids\ogg_vorbis\include\ogg</Filter>
    </ClInclude>
    <ClInclude Include="..\..\src\thrids\ogg_vorbis\include\vorbis\codec.h">
      <Filter>thrids\ogg_vorbis\include\vorbis</Filter>
    </ClInclude>
    <ClInclude Include="..\..\src\thrids\ogg_vorbis\include\vorbis\vorbisenc.h">
      <Filter>thrids\ogg_vorbis\include\vorbis</Filter>
    </ClInclude>
    <ClInclude Include="..\..\src\thrids\ogg_vorbis\include\vorbis\vorbisfile.h">
      <Filter>thrids\ogg_vorbis\include\vorbis</Filter>
    </ClInclude>
    <ClInclude Include="..\..\src\thrids\ogg_vorbis\libogg\crctable.h">
      <Filter>thrids\ogg_vorbis\libogg</Filter>
    </ClInclude>
    <ClInclude Include="..\..\src\thrids\ogg_vorbis\libvorbis\backends.h">
      <Filter>thrids\ogg_vorbis\libvorbis</Filter>
    </ClInclude>
    <ClInclude Include="..\..\src\thrids\ogg_vorbis\libvorbis\bitrate.h">
      <Filter>thrids\ogg_vorbis\libvorbis</Filter>
    </ClInclude>
    <ClInclude Include="..\..\src\thrids\ogg_vorbis\libvorbis\codebook.h">
      <Filter>thrids\ogg_vorbis\libvorbis</Filter>
    </ClInclude>
    <ClInclude Include="..\..\src\thrids\ogg_vorbis\libvorbis\codec_internal.h">
      <Filter>thrids\ogg_vorbis\libvorbis</Filter>
    </ClInclude>
    <ClInclude Include="..\..\src\thrids\ogg_vorbis\libvorbis\envelope.h">
      <Filter>thrids\ogg_vorbis\libvorbis</Filter>
    </ClInclude>
    <ClInclude Include="..\..\src\thrids\ogg_vorbis\libvorbis\highlevel.h">
      <Filter>thrids\ogg_vorbis\libvorbis</Filter>
    </ClInclude>
    <ClInclude Include="..\..\src\thrids\ogg_vorbis\libvorbis\lookup.h">
      <Filter>thrids\ogg_vorbis\libvorbis</Filter>
    </ClInclude>
    <ClInclude Include="..\..\src\thrids\ogg_vorbis\libvorbis\lookup_data.h">
      <Filter>thrids\ogg_vorbis\libvorbis</Filter>
    </ClInclude>
    <ClInclude Include="..\..\src\thrids\ogg_vorbis\libvorbis\lpc.h">
      <Filter>thrids\ogg_vorbis\libvorbis</Filter>
    </ClInclude>
    <ClInclude Include="..\..\src\thrids\ogg_vorbis\libvorbis\lsp.h">
      <Filter>thrids\ogg_vorbis\libvorbis</Filter>
    </ClInclude>
    <ClInclude Include="..\..\src\thrids\ogg_vorbis\libvorbis\masking.h">
      <Filter>thrids\ogg_vorbis\libvorbis</Filter>
    </ClInclude>
    <ClInclude Include="..\..\src\thrids\ogg_vorbis\libvorbis\mdct.h">
      <Filter>thrids\ogg_vorbis\libvorbis</Filter>
    </ClInclude>
    <ClInclude Include="..\..\src\thrids\ogg_vorbis\libvorbis\misc.h">
      <Filter>thrids\ogg_vorbis\libvorbis</Filter>
    </ClInclude>
    <ClInclude Include="..\..\src\thrids\ogg_vorbis\libvorbis\os.h">
      <Filter>thrids\ogg_vorbis\libvorbis</Filter>
    </ClInclude>
    <ClInclude Include="..\..\src\thrids\ogg_vorbis\libvorbis\psy.h">
      <Filter>thrids\ogg_vorbis\libvorbis</Filter>
    </ClInclude>
    <ClInclude Include="..\..\src\thrids\ogg_vorbis\libvorbis\registry.h">
      <Filter>thrids\ogg_vorbis\libvorbis</Filter>
    </ClInclude>
    <ClInclude Include="..\..\src\thrids\ogg_vorbis\libvorbis\scales.h">
      <Filter>thrids\ogg_vorbis\libvorbis</Filter>
    </ClInclude>
    <ClInclude Include="..\..\src\thrids\ogg_vorbis\libvorbis\smallft.h">
      <Filter>thrids\ogg_vorbis\libvorbis</Filter>
    </ClInclude>
    <ClInclude Include="..\..\src\thrids\ogg_vorbis\libvorbis\window.h">
      <Filter>thrids\ogg_vorbis\libvorbis</Filter>
    </ClInclude>
    <ClInclude Include="..\..\src\thrids\ogg_vorbis\libvorbis\books\coupled\res_books_51.h">
      <Filter>thrids\ogg_vorbis\libvorbis\books\coupled</Filter>
    </ClInclude>
    <ClInclude Include="..\..\src\thrids\ogg_vorbis\libvorbis\books\coupled\res_books_stereo.h">
      <Filter>thrids\ogg_vorbis\libvorbis\books\coupled</Filter>
    </ClInclude>
    <ClInclude Include="..\..\src\thrids\ogg_vorbis\libvorbis\books\floor\floor_books.h">
      <Filter>thrids\ogg_vorbis\libvorbis\books\floor</Filter>
    </ClInclude>
    <ClInclude Include="..\..\src\thrids\ogg_vorbis\libvorbis\books\uncoupled\res_books_uncoupled.h">
      <Filter>thrids\ogg_vorbis\libvorbis\books\uncoupled</Filter>
    </ClInclude>
    <ClInclude Include="..\..\src\thrids\ogg_vorbis\libvorbis\modes\floor_all.h">
      <Filter>thrids\ogg_vorbis\libvorbis\modes</Filter>
    </ClInclude>
    <ClInclude Include="..\..\src\thrids\ogg_vorbis\libvorbis\modes\psych_8.h">
      <Filter>thrids\ogg_vorbis\libvorbis\modes</Filter>
    </ClInclude>
    <ClInclude Include="..\..\src\thrids\ogg_vorbis\libvorbis\modes\psych_11.h">
      <Filter>thrids\ogg_vorbis\libvorbis\modes</Filter>
    </ClInclude>
    <ClInclude Include="..\..\src\thrids\ogg_vorbis\libvorbis\modes\psych_16.h">
      <Filter>thrids\ogg_vorbis\libvorbis\modes</Filter>
    </ClInclude>
    <ClInclude Include="..\..\src\thrids\ogg_vorbis\libvorbis\modes\psych_44.h">
      <Filter>thrids\ogg_vorbis\libvorbis\modes</Filter>
    </ClInclude>
    <ClInclude Include="..\..\src\thrids\ogg_vorbis\libvorbis\modes\residue_8.h">
      <Filter>thrids\ogg_vorbis\libvorbis\modes</Filter>
    </ClInclude>
    <ClInclude Include="..\..\src\thrids\ogg_vorbis\libvorbis\modes\residue_16.h">
      <Filter>thrids\ogg_vorbis\libvorbis\modes</Filter>
    </ClInclude>
    <ClInclude Include="..\..\src\thrids\ogg_vorbis\libvorbis\modes\residue_44.h">
      <Filter>thrids\ogg_vorbis\libvorbis\modes</Filter>
    </ClInclude>
    <ClInclude Include="..\..\src\thrids\ogg_vorbis\libvorbis\modes\residue_44p51.h">
      <Filter>thrids\ogg_vorbis\libvorbis\modes</Filter>
    </ClInclude>
    <ClInclude Include="..\..\src\thrids\ogg_vorbis\libvorbis\modes\residue_44u.h">
      <Filter>thrids\ogg_vorbis\libvorbis\modes</Filter>
    </ClInclude>
    <ClInclude Include="..\..\src\thrids\ogg_vorbis\libvorbis\modes\setup_8.h">
      <Filter>thrids\ogg_vorbis\libvorbis\modes</Filter>
    </ClInclude>
    <ClInclude Include="..\..\src\thrids\ogg_vorbis\libvorbis\modes\setup_11.h">
      <Filter>thrids\ogg_vorbis\libvorbis\modes</Filter>
    </ClInclude>
    <ClInclude Include="..\..\src\thrids\ogg_vorbis\libvorbis\modes\setup_16.h">
      <Filter>thrids\ogg_vorbis\libvorbis\modes</Filter>
    </ClInclude>
    <ClInclude Include="..\..\src\thrids\ogg_vorbis\libvorbis\modes\setup_22.h">
      <Filter>thrids\ogg_vorbis\libvorbis\modes</Filter>
    </ClInclude>
    <ClInclude Include="..\..\src\thrids\ogg_vorbis\libvorbis\modes\setup_32.h">
      <Filter>thrids\ogg_vorbis\libvorbis\modes</Filter>
    </ClInclude>
    <ClInclude Include="..\..\src\thrids\ogg_vorbis\libvorbis\modes\setup_44.h">
      <Filter>thrids\ogg_vorbis\libvorbis\modes</Filter>
    </ClInclude>
    <ClInclude Include="..\..\src\thrids\ogg_vorbis\libvorbis\modes\setup_44p51.h">
      <Filter>thrids\ogg_vorbis\libvorbis\modes</Filter>
    </ClInclude>
    <ClInclude Include="..\..\src\thrids\ogg_vorbis\libvorbis\modes\setup_44u.h">
      <Filter>thrids\ogg_vorbis\libvorbis\modes</Filter>
    </ClInclude>
    <ClInclude Include="..\..\src\thrids\ogg_vorbis\libvorbis\modes\setup_X.h">
      <Filter>thrids\ogg_vorbis\libvorbis\modes</Filter>
    </ClInclude>
  </ItemGroup>
  <ItemGroup>
    <None Include="..\..\src\thrids\ogg_vorbis\libvorbis\lookups.pl">
      <Filter>thrids\ogg_vorbis\libvorbis</Filter>
    </None>
  </ItemGroup>
</Project>